// !$*UTF8*$!
{
	archiveVersion = 1;
	classes = {
	};
	objectVersion = 56;
	objects = {

/* Begin PBXBuildFile section */
		9043C5E42906CC0700CE86B2 /* AppDelegate.swift in Sources */ = {isa = PBXBuildFile; fileRef = 9043C5E32906CC0700CE86B2 /* AppDelegate.swift */; };
		9043C5E62906CC0700CE86B2 /* SceneDelegate.swift in Sources */ = {isa = PBXBuildFile; fileRef = 9043C5E52906CC0700CE86B2 /* SceneDelegate.swift */; };
		9043C5E82906CC0700CE86B2 /* ViewController.swift in Sources */ = {isa = PBXBuildFile; fileRef = 9043C5E72906CC0700CE86B2 /* ViewController.swift */; };
		9043C5EB2906CC0700CE86B2 /* Main.storyboard in Resources */ = {isa = PBXBuildFile; fileRef = 9043C5E92906CC0700CE86B2 /* Main.storyboard */; };
		9043C5ED2906CC0800CE86B2 /* Assets.xcassets in Resources */ = {isa = PBXBuildFile; fileRef = 9043C5EC2906CC0800CE86B2 /* Assets.xcassets */; };
		9043C5F02906CC0800CE86B2 /* LaunchScreen.storyboard in Resources */ = {isa = PBXBuildFile; fileRef = 9043C5EE2906CC0800CE86B2 /* LaunchScreen.storyboard */; };
		9043C5F82906CC2300CE86B2 /* Prototype.swift in Sources */ = {isa = PBXBuildFile; fileRef = 9043C5F72906CC2300CE86B2 /* Prototype.swift */; };
		9043C5FA2906CC3C00CE86B2 /* Marin.swift in Sources */ = {isa = PBXBuildFile; fileRef = 9043C5F92906CC3C00CE86B2 /* Marin.swift */; };
		9043C5FC2906CC6300CE86B2 /* Medic.swift in Sources */ = {isa = PBXBuildFile; fileRef = 9043C5FB2906CC6300CE86B2 /* Medic.swift */; };
/* End PBXBuildFile section */

/* Begin PBXFileReference section */
		9043C5E02906CC0700CE86B2 /* Prototype_Derrick.app */ = {isa = PBXFileReference; explicitFileType = wrapper.application; includeInIndex = 0; path = Prototype_Derrick.app; sourceTree = BUILT_PRODUCTS_DIR; };
		9043C5E32906CC0700CE86B2 /* AppDelegate.swift */ = {isa = PBXFileReference; lastKnownFileType = sourcecode.swift; path = AppDelegate.swift; sourceTree = "<group>"; };
		9043C5E52906CC0700CE86B2 /* SceneDelegate.swift */ = {isa = PBXFileReference; lastKnownFileType = sourcecode.swift; path = SceneDelegate.swift; sourceTree = "<group>"; };
		9043C5E72906CC0700CE86B2 /* ViewController.swift */ = {isa = PBXFileReference; lastKnownFileType = sourcecode.swift; path = ViewController.swift; sourceTree = "<group>"; };
		9043C5EA2906CC0700CE86B2 /* Base */ = {isa = PBXFileReference; lastKnownFileType = file.storyboard; name = Base; path = Base.lproj/Main.storyboard; sourceTree = "<group>"; };
		9043C5EC2906CC0800CE86B2 /* Assets.xcassets */ = {isa = PBXFileReference; lastKnownFileType = folder.assetcatalog; path = Assets.xcassets; sourceTree = "<group>"; };
		9043C5EF2906CC0800CE86B2 /* Base */ = {isa = PBXFileReference; lastKnownFileType = file.storyboard; name = Base; path = Base.lproj/LaunchScreen.storyboard; sourceTree = "<group>"; };
		9043C5F12906CC0800CE86B2 /* Info.plist */ = {isa = PBXFileReference; lastKnownFileType = text.plist.xml; path = Info.plist; sourceTree = "<group>"; };
		9043C5F72906CC2300CE86B2 /* Prototype.swift */ = {isa = PBXFileReference; lastKnownFileType = sourcecode.swift; path = Prototype.swift; sourceTree = "<group>"; };
		9043C5F92906CC3C00CE86B2 /* Marin.swift */ = {isa = PBXFileReference; lastKnownFileType = sourcecode.swift; path = Marin.swift; sourceTree = "<group>"; };
		9043C5FB2906CC6300CE86B2 /* Medic.swift */ = {isa = PBXFileReference; lastKnownFileType = sourcecode.swift; path = Medic.swift; sourceTree = "<group>"; };
/* End PBXFileReference section */

/* Begin PBXFrameworksBuildPhase section */
		9043C5DD2906CC0700CE86B2 /* Frameworks */ = {
			isa = PBXFrameworksBuildPhase;
			buildActionMask = 2147483647;
			files = (
			);
			runOnlyForDeploymentPostprocessing = 0;
		};
/* End PBXFrameworksBuildPhase section */

/* Begin PBXGroup section */
		9043C5D72906CC0700CE86B2 = {
			isa = PBXGroup;
			children = (
				9043C5E22906CC0700CE86B2 /* Prototype_Derrick */,
				9043C5E12906CC0700CE86B2 /* Products */,
			);
			sourceTree = "<group>";
		};
		9043C5E12906CC0700CE86B2 /* Products */ = {
			isa = PBXGroup;
			children = (
				9043C5E02906CC0700CE86B2 /* Prototype_Derrick.app */,
			);
			name = Products;
			sourceTree = "<group>";
		};
		9043C5E22906CC0700CE86B2 /* Prototype_Derrick */ = {
			isa = PBXGroup;
			children = (
				9043C5E32906CC0700CE86B2 /* AppDelegate.swift */,
				9043C5E52906CC0700CE86B2 /* SceneDelegate.swift */,
				9043C5E72906CC0700CE86B2 /* ViewController.swift */,
				9043C5F72906CC2300CE86B2 /* Prototype.swift */,
				9043C5F92906CC3C00CE86B2 /* Marin.swift */,
				9043C5FB2906CC6300CE86B2 /* Medic.swift */,
				9043C5E92906CC0700CE86B2 /* Main.storyboard */,
				9043C5EC2906CC0800CE86B2 /* Assets.xcassets */,
				9043C5EE2906CC0800CE86B2 /* LaunchScreen.storyboard */,
				9043C5F12906CC0800CE86B2 /* Info.plist */,
			);
			path = Prototype_Derrick;
			sourceTree = "<group>";
		};
/* End PBXGroup section */

/* Begin PBXNativeTarget section */
		9043C5DF2906CC0700CE86B2 /* Prototype_Derrick */ = {
			isa = PBXNativeTarget;
			buildConfigurationList = 9043C5F42906CC0800CE86B2 /* Build configuration list for PBXNativeTarget "Prototype_Derrick" */;
			buildPhases = (
				9043C5DC2906CC0700CE86B2 /* Sources */,
				9043C5DD2906CC0700CE86B2 /* Frameworks */,
				9043C5DE2906CC0700CE86B2 /* Resources */,
			);
			buildRules = (
			);
			dependencies = (
			);
			name = Prototype_Derrick;
			productName = Prototype_Derrick;
			productReference = 9043C5E02906CC0700CE86B2 /* Prototype_Derrick.app */;
			productType = "com.apple.product-type.application";
		};
/* End PBXNativeTarget section */

/* Begin PBXProject section */
		9043C5D82906CC0700CE86B2 /* Project object */ = {
			isa = PBXProject;
			attributes = {
				BuildIndependentTargetsInParallel = 1;
				LastSwiftUpdateCheck = 1400;
				LastUpgradeCheck = 1400;
				TargetAttributes = {
					9043C5DF2906CC0700CE86B2 = {
						CreatedOnToolsVersion = 14.0.1;
					};
				};
			};
			buildConfigurationList = 9043C5DB2906CC0700CE86B2 /* Build configuration list for PBXProject "Prototype_Derrick" */;
			compatibilityVersion = "Xcode 14.0";
			developmentRegion = en;
			hasScannedForEncodings = 0;
			knownRegions = (
				en,
				Base,
			);
			mainGroup = 9043C5D72906CC0700CE86B2;
			productRefGroup = 9043C5E12906CC0700CE86B2 /* Products */;
			projectDirPath = "";
			projectRoot = "";
			targets = (
				9043C5DF2906CC0700CE86B2 /* Prototype_Derrick */,
			);
		};
/* End PBXProject section */

/* Begin PBXResourcesBuildPhase section */
		9043C5DE2906CC0700CE86B2 /* Resources */ = {
			isa = PBXResourcesBuildPhase;
			buildActionMask = 2147483647;
			files = (
				9043C5F02906CC0800CE86B2 /* LaunchScreen.storyboard in Resources */,
				9043C5ED2906CC0800CE86B2 /* Assets.xcassets in Resources */,
				9043C5EB2906CC0700CE86B2 /* Main.storyboard in Resources */,
			);
			runOnlyForDeploymentPostprocessing = 0;
		};
/* End PBXResourcesBuildPhase section */

/* Begin PBXSourcesBuildPhase section */
		9043C5DC2906CC0700CE86B2 /* Sources */ = {
			isa = PBXSourcesBuildPhase;
			buildActionMask = 2147483647;
			files = (
				9043C5F82906CC2300CE86B2 /* Prototype.swift in Sources */,
				9043C5E82906CC0700CE86B2 /* ViewController.swift in Sources */,
				9043C5E42906CC0700CE86B2 /* AppDelegate.swift in Sources */,
				9043C5E62906CC0700CE86B2 /* SceneDelegate.swift in Sources */,
				9043C5FC2906CC6300CE86B2 /* Medic.swift in Sources */,
				9043C5FA2906CC3C00CE86B2 /* Marin.swift in Sources */,
			);
			runOnlyForDeploymentPostprocessing = 0;
		};
/* End PBXSourcesBuildPhase section */

/* Begin PBXVariantGroup section */
		9043C5E92906CC0700CE86B2 /* Main.storyboard */ = {
			isa = PBXVariantGroup;
			children = (
				9043C5EA2906CC0700CE86B2 /* Base */,
			);
			name = Main.storyboard;
			sourceTree = "<group>";
		};
		9043C5EE2906CC0800CE86B2 /* LaunchScreen.storyboard */ = {
			isa = PBXVariantGroup;
			children = (
				9043C5EF2906CC0800CE86B2 /* Base */,
			);
			name = LaunchScreen.storyboard;
			sourceTree = "<group>";
		};
/* End PBXVariantGroup section */

/* Begin XCBuildConfiguration section */
		9043C5F22906CC0800CE86B2 /* Debug */ = {
			isa = XCBuildConfiguration;
			buildSettings = {
				ALWAYS_SEARCH_USER_PATHS = NO;
				CLANG_ANALYZER_NONNULL = YES;
				CLANG_ANALYZER_NUMBER_OBJECT_CONVERSION = YES_AGGRESSIVE;
				CLANG_CXX_LANGUAGE_STANDARD = "gnu++20";
				CLANG_ENABLE_MODULES = YES;
				CLANG_ENABLE_OBJC_ARC = YES;
				CLANG_ENABLE_OBJC_WEAK = YES;
				CLANG_WARN_BLOCK_CAPTURE_AUTORELEASING = YES;
				CLANG_WARN_BOOL_CONVERSION = YES;
				CLANG_WARN_COMMA = YES;
				CLANG_WARN_CONSTANT_CONVERSION = YES;
				CLANG_WARN_DEPRECATED_OBJC_IMPLEMENTATIONS = YES;
				CLANG_WARN_DIRECT_OBJC_ISA_USAGE = YES_ERROR;
				CLANG_WARN_DOCUMENTATION_COMMENTS = YES;
				CLANG_WARN_EMPTY_BODY = YES;
				CLANG_WARN_ENUM_CONVERSION = YES;
				CLANG_WARN_INFINITE_RECURSION = YES;
				CLANG_WARN_INT_CONVERSION = YES;
				CLANG_WARN_NON_LITERAL_NULL_CONVERSION = YES;
				CLANG_WARN_OBJC_IMPLICIT_RETAIN_SELF = YES;
				CLANG_WARN_OBJC_LITERAL_CONVERSION = YES;
				CLANG_WARN_OBJC_ROOT_CLASS = YES_ERROR;
				CLANG_WARN_QUOTED_INCLUDE_IN_FRAMEWORK_HEADER = YES;
				CLANG_WARN_RANGE_LOOP_ANALYSIS = YES;
				CLANG_WARN_STRICT_PROTOTYPES = YES;
				CLANG_WARN_SUSPICIOUS_MOVE = YES;
				CLANG_WARN_UNGUARDED_AVAILABILITY = YES_AGGRESSIVE;
				CLANG_WARN_UNREACHABLE_CODE = YES;
				CLANG_WARN__DUPLICATE_METHOD_MATCH = YES;
				COPY_PHASE_STRIP = NO;
				DEBUG_INFORMATION_FORMAT = dwarf;
				ENABLE_STRICT_OBJC_MSGSEND = YES;
				ENABLE_TESTABILITY = YES;
				GCC_C_LANGUAGE_STANDARD = gnu11;
				GCC_DYNAMIC_NO_PIC = NO;
				GCC_NO_COMMON_BLOCKS = YES;
				GCC_OPTIMIZATION_LEVEL = 0;
				GCC_PREPROCESSOR_DEFINITIONS = (
					"DEBUG=1",
					"$(inherited)",
				);
				GCC_WARN_64_TO_32_BIT_CONVERSION = YES;
				GCC_WARN_ABOUT_RETURN_TYPE = YES_ERROR;
				GCC_WARN_UNDECLARED_SELECTOR = YES;
				GCC_WARN_UNINITIALIZED_AUTOS = YES_AGGRESSIVE;
				GCC_WARN_UNUSED_FUNCTION = YES;
				GCC_WARN_UNUSED_VARIABLE = YES;
				IPHONEOS_DEPLOYMENT_TARGET = 16.0;
				MTL_ENABLE_DEBUG_INFO = INCLUDE_SOURCE;
				MTL_FAST_MATH = YES;
				ONLY_ACTIVE_ARCH = YES;
				SDKROOT = iphoneos;
				SWIFT_ACTIVE_COMPILATION_CONDITIONS = DEBUG;
				SWIFT_OPTIMIZATION_LEVEL = "-Onone";
			};
			name = Debug;
		};
		9043C5F32906CC0800CE86B2 /* Release */ = {
			isa = XCBuildConfiguration;
			buildSettings = {
				ALWAYS_SEARCH_USER_PATHS = NO;
				CLANG_ANALYZER_NONNULL = YES;
				CLANG_ANALYZER_NUMBER_OBJECT_CONVERSION = YES_AGGRESSIVE;
				CLANG_CXX_LANGUAGE_STANDARD = "gnu++20";
				CLANG_ENABLE_MODULES = YES;
				CLANG_ENABLE_OBJC_ARC = YES;
				CLANG_ENABLE_OBJC_WEAK = YES;
				CLANG_WARN_BLOCK_CAPTURE_AUTORELEASING = YES;
				CLANG_WARN_BOOL_CONVERSION = YES;
				CLANG_WARN_COMMA = YES;
				CLANG_WARN_CONSTANT_CONVERSION = YES;
				CLANG_WARN_DEPRECATED_OBJC_IMPLEMENTATIONS = YES;
				CLANG_WARN_DIRECT_OBJC_ISA_USAGE = YES_ERROR;
				CLANG_WARN_DOCUMENTATION_COMMENTS = YES;
				CLANG_WARN_EMPTY_BODY = YES;
				CLANG_WARN_ENUM_CONVERSION = YES;
				CLANG_WARN_INFINITE_RECURSION = YES;
				CLANG_WARN_INT_CONVERSION = YES;
				CLANG_WARN_NON_LITERAL_NULL_CONVERSION = YES;
				CLANG_WARN_OBJC_IMPLICIT_RETAIN_SELF = YES;
				CLANG_WARN_OBJC_LITERAL_CONVERSION = YES;
				CLANG_WARN_OBJC_ROOT_CLASS = YES_ERROR;
				CLANG_WARN_QUOTED_INCLUDE_IN_FRAMEWORK_HEADER = YES;
				CLANG_WARN_RANGE_LOOP_ANALYSIS = YES;
				CLANG_WARN_STRICT_PROTOTYPES = YES;
				CLANG_WARN_SUSPICIOUS_MOVE = YES;
				CLANG_WARN_UNGUARDED_AVAILABILITY = YES_AGGRESSIVE;
				CLANG_WARN_UNREACHABLE_CODE = YES;
				CLANG_WARN__DUPLICATE_METHOD_MATCH = YES;
				COPY_PHASE_STRIP = NO;
				DEBUG_INFORMATION_FORMAT = "dwarf-with-dsym";
				ENABLE_NS_ASSERTIONS = NO;
				ENABLE_STRICT_OBJC_MSGSEND = YES;
				GCC_C_LANGUAGE_STANDARD = gnu11;
				GCC_NO_COMMON_BLOCKS = YES;
				GCC_WARN_64_TO_32_BIT_CONVERSION = YES;
				GCC_WARN_ABOUT_RETURN_TYPE = YES_ERROR;
				GCC_WARN_UNDECLARED_SELECTOR = YES;
				GCC_WARN_UNINITIALIZED_AUTOS = YES_AGGRESSIVE;
				GCC_WARN_UNUSED_FUNCTION = YES;
				GCC_WARN_UNUSED_VARIABLE = YES;
				IPHONEOS_DEPLOYMENT_TARGET = 16.0;
				MTL_ENABLE_DEBUG_INFO = NO;
				MTL_FAST_MATH = YES;
				SDKROOT = iphoneos;
				SWIFT_COMPILATION_MODE = wholemodule;
				SWIFT_OPTIMIZATION_LEVEL = "-O";
				VALIDATE_PRODUCT = YES;
			};
			name = Release;
		};
		9043C5F52906CC0800CE86B2 /* Debug */ = {
			isa = XCBuildConfiguration;
			buildSettings = {
				ASSETCATALOG_COMPILER_APPICON_NAME = AppIcon;
				ASSETCATALOG_COMPILER_GLOBAL_ACCENT_COLOR_NAME = AccentColor;
				CODE_SIGN_STYLE = Automatic;
				CURRENT_PROJECT_VERSION = 1;
				DEVELOPMENT_TEAM = GDKDK6KP5Z;
				GENERATE_INFOPLIST_FILE = YES;
				INFOPLIST_FILE = Prototype_Derrick/Info.plist;
				INFOPLIST_KEY_UIApplicationSupportsIndirectInputEvents = YES;
				INFOPLIST_KEY_UILaunchStoryboardName = LaunchScreen;
				INFOPLIST_KEY_UIMainStoryboardFile = Main;
				INFOPLIST_KEY_UISupportedInterfaceOrientations_iPad = "UIInterfaceOrientationPortrait UIInterfaceOrientationPortraitUpsideDown UIInterfaceOrientationLandscapeLeft UIInterfaceOrientationLandscapeRight";
				INFOPLIST_KEY_UISupportedInterfaceOrientations_iPhone = "UIInterfaceOrientationPortrait UIInterfaceOrientationLandscapeLeft UIInterfaceOrientationLandscapeRight";
				LD_RUNPATH_SEARCH_PATHS = (
					"$(inherited)",
					"@executable_path/Frameworks",
				);
				MARKETING_VERSION = 1.0;
				PRODUCT_BUNDLE_IDENTIFIER = "com.prototype.sample.code.Prototype-Derrick";
				PRODUCT_NAME = "$(TARGET_NAME)";
				SWIFT_EMIT_LOC_STRINGS = YES;
				SWIFT_VERSION = 5.0;
				TARGETED_DEVICE_FAMILY = "1,2";
			};
			name = Debug;
		};
		9043C5F62906CC0800CE86B2 /* Release */ = {
			isa = XCBuildConfiguration;
			buildSettings = {
				ASSETCATALOG_COMPILER_APPICON_NAME = AppIcon;
				ASSETCATALOG_COMPILER_GLOBAL_ACCENT_COLOR_NAME = AccentColor;
				CODE_SIGN_STYLE = Automatic;
				CURRENT_PROJECT_VERSION = 1;
				DEVELOPMENT_TEAM = GDKDK6KP5Z;
				GENERATE_INFOPLIST_FILE = YES;
				INFOPLIST_FILE = Prototype_Derrick/Info.plist;
				INFOPLIST_KEY_UIApplicationSupportsIndirectInputEvents = YES;
				INFOPLIST_KEY_UILaunchStoryboardName = LaunchScreen;
				INFOPLIST_KEY_UIMainStoryboardFile = Main;
				INFOPLIST_KEY_UISupportedInterfaceOrientations_iPad = "UIInterfaceOrientationPortrait UIInterfaceOrientationPortraitUpsideDown UIInterfaceOrientationLandscapeLeft UIInterfaceOrientationLandscapeRight";
				INFOPLIST_KEY_UISupportedInterfaceOrientations_iPhone = "UIInterfaceOrientationPortrait UIInterfaceOrientationLandscapeLeft UIInterfaceOrientationLandscapeRight";
				LD_RUNPATH_SEARCH_PATHS = (
					"$(inherited)",
					"@executable_path/Frameworks",
				);
				MARKETING_VERSION = 1.0;
				PRODUCT_BUNDLE_IDENTIFIER = "com.prototype.sample.code.Prototype-Derrick";
				PRODUCT_NAME = "$(TARGET_NAME)";
				SWIFT_EMIT_LOC_STRINGS = YES;
				SWIFT_VERSION = 5.0;
				TARGETED_DEVICE_FAMILY = "1,2";
			};
			name = Release;
		};
/* End XCBuildConfiguration section */

/* Begin XCConfigurationList section */
		9043C5DB2906CC0700CE86B2 /* Build configuration list for PBXProject "Prototype_Derrick" */ = {
			isa = XCConfigurationList;
			buildConfigurations = (
				9043C5F22906CC0800CE86B2 /* Debug */,
				9043C5F32906CC0800CE86B2 /* Release */,
			);
			defaultConfigurationIsVisible = 0;
			defaultConfigurationName = Release;
		};
		9043C5F42906CC0800CE86B2 /* Build configuration list for PBXNativeTarget "Prototype_Derrick" */ = {
			isa = XCConfigurationList;
			buildConfigurations = (
				9043C5F52906CC0800CE86B2 /* Debug */,
				9043C5F62906CC0800CE86B2 /* Release */,
			);
			defaultConfigurationIsVisible = 0;
			defaultConfigurationName = Release;
		};
/* End XCConfigurationList section */
	};
	rootObject = 9043C5D82906CC0700CE86B2 /* Project object */;
}
