// !$*UTF8*$!
{
	archiveVersion = 1;
	classes = {
	};
	objectVersion = 56;
	objects = {

/* Begin PBXBuildFile section */
		FDF267D32977E9D900D9EFF7 /* AppDelegate.swift in Sources */ = {isa = PBXBuildFile; fileRef = FDF267D22977E9D900D9EFF7 /* AppDelegate.swift */; };
		FDF267D52977E9D900D9EFF7 /* SceneDelegate.swift in Sources */ = {isa = PBXBuildFile; fileRef = FDF267D42977E9D900D9EFF7 /* SceneDelegate.swift */; };
		FDF267D72977E9D900D9EFF7 /* ViewController.swift in Sources */ = {isa = PBXBuildFile; fileRef = FDF267D62977E9D900D9EFF7 /* ViewController.swift */; };
		FDF267DA2977E9D900D9EFF7 /* Main.storyboard in Resources */ = {isa = PBXBuildFile; fileRef = FDF267D82977E9D900D9EFF7 /* Main.storyboard */; };
		FDF267DC2977E9DA00D9EFF7 /* Assets.xcassets in Resources */ = {isa = PBXBuildFile; fileRef = FDF267DB2977E9DA00D9EFF7 /* Assets.xcassets */; };
		FDF267DF2977E9DA00D9EFF7 /* LaunchScreen.storyboard in Resources */ = {isa = PBXBuildFile; fileRef = FDF267DD2977E9DA00D9EFF7 /* LaunchScreen.storyboard */; };
		FDF267E72977EA2600D9EFF7 /* Product+ConcreteInterface.swift in Sources */ = {isa = PBXBuildFile; fileRef = FDF267E62977EA2600D9EFF7 /* Product+ConcreteInterface.swift */; };
		FDF267EF2977EC1300D9EFF7 /* Observer_MinssonTests.swift in Sources */ = {isa = PBXBuildFile; fileRef = FDF267EE2977EC1300D9EFF7 /* Observer_MinssonTests.swift */; };
/* End PBXBuildFile section */

/* Begin PBXContainerItemProxy section */
		FDF267F02977EC1300D9EFF7 /* PBXContainerItemProxy */ = {
			isa = PBXContainerItemProxy;
			containerPortal = FDF267C72977E9D900D9EFF7 /* Project object */;
			proxyType = 1;
			remoteGlobalIDString = FDF267CE2977E9D900D9EFF7;
			remoteInfo = "Observer-Minsson";
		};
/* End PBXContainerItemProxy section */

/* Begin PBXFileReference section */
		FDF267CF2977E9D900D9EFF7 /* Observer-Minsson.app */ = {isa = PBXFileReference; explicitFileType = wrapper.application; includeInIndex = 0; path = "Observer-Minsson.app"; sourceTree = BUILT_PRODUCTS_DIR; };
		FDF267D22977E9D900D9EFF7 /* AppDelegate.swift */ = {isa = PBXFileReference; lastKnownFileType = sourcecode.swift; path = AppDelegate.swift; sourceTree = "<group>"; };
		FDF267D42977E9D900D9EFF7 /* SceneDelegate.swift */ = {isa = PBXFileReference; lastKnownFileType = sourcecode.swift; path = SceneDelegate.swift; sourceTree = "<group>"; };
		FDF267D62977E9D900D9EFF7 /* ViewController.swift */ = {isa = PBXFileReference; lastKnownFileType = sourcecode.swift; path = ViewController.swift; sourceTree = "<group>"; };
		FDF267D92977E9D900D9EFF7 /* Base */ = {isa = PBXFileReference; lastKnownFileType = file.storyboard; name = Base; path = Base.lproj/Main.storyboard; sourceTree = "<group>"; };
		FDF267DB2977E9DA00D9EFF7 /* Assets.xcassets */ = {isa = PBXFileReference; lastKnownFileType = folder.assetcatalog; path = Assets.xcassets; sourceTree = "<group>"; };
		FDF267DE2977E9DA00D9EFF7 /* Base */ = {isa = PBXFileReference; lastKnownFileType = file.storyboard; name = Base; path = Base.lproj/LaunchScreen.storyboard; sourceTree = "<group>"; };
		FDF267E02977E9DA00D9EFF7 /* Info.plist */ = {isa = PBXFileReference; lastKnownFileType = text.plist.xml; path = Info.plist; sourceTree = "<group>"; };
		FDF267E62977EA2600D9EFF7 /* Product+ConcreteInterface.swift */ = {isa = PBXFileReference; lastKnownFileType = sourcecode.swift; path = "Product+ConcreteInterface.swift"; sourceTree = "<group>"; };
		FDF267EC2977EC1300D9EFF7 /* Observer-MinssonTests.xctest */ = {isa = PBXFileReference; explicitFileType = wrapper.cfbundle; includeInIndex = 0; path = "Observer-MinssonTests.xctest"; sourceTree = BUILT_PRODUCTS_DIR; };
		FDF267EE2977EC1300D9EFF7 /* Observer_MinssonTests.swift */ = {isa = PBXFileReference; lastKnownFileType = sourcecode.swift; path = Observer_MinssonTests.swift; sourceTree = "<group>"; };
/* End PBXFileReference section */

/* Begin PBXFrameworksBuildPhase section */
		FDF267CC2977E9D900D9EFF7 /* Frameworks */ = {
			isa = PBXFrameworksBuildPhase;
			buildActionMask = 2147483647;
			files = (
			);
			runOnlyForDeploymentPostprocessing = 0;
		};
		FDF267E92977EC1300D9EFF7 /* Frameworks */ = {
			isa = PBXFrameworksBuildPhase;
			buildActionMask = 2147483647;
			files = (
			);
			runOnlyForDeploymentPostprocessing = 0;
		};
/* End PBXFrameworksBuildPhase section */

/* Begin PBXGroup section */
		FDF267C62977E9D900D9EFF7 = {
			isa = PBXGroup;
			children = (
				FDF267D12977E9D900D9EFF7 /* Observer-Minsson */,
				FDF267ED2977EC1300D9EFF7 /* Observer-MinssonTests */,
				FDF267D02977E9D900D9EFF7 /* Products */,
			);
			sourceTree = "<group>";
		};
		FDF267D02977E9D900D9EFF7 /* Products */ = {
			isa = PBXGroup;
			children = (
				FDF267CF2977E9D900D9EFF7 /* Observer-Minsson.app */,
				FDF267EC2977EC1300D9EFF7 /* Observer-MinssonTests.xctest */,
			);
			name = Products;
			sourceTree = "<group>";
		};
		FDF267D12977E9D900D9EFF7 /* Observer-Minsson */ = {
			isa = PBXGroup;
			children = (
				FDF267D22977E9D900D9EFF7 /* AppDelegate.swift */,
				FDF267D42977E9D900D9EFF7 /* SceneDelegate.swift */,
				FDF267D62977E9D900D9EFF7 /* ViewController.swift */,
				FDF267E62977EA2600D9EFF7 /* Product+ConcreteInterface.swift */,
				FDF267D82977E9D900D9EFF7 /* Main.storyboard */,
				FDF267DB2977E9DA00D9EFF7 /* Assets.xcassets */,
				FDF267DD2977E9DA00D9EFF7 /* LaunchScreen.storyboard */,
				FDF267E02977E9DA00D9EFF7 /* Info.plist */,
			);
			path = "Observer-Minsson";
			sourceTree = "<group>";
		};
		FDF267ED2977EC1300D9EFF7 /* Observer-MinssonTests */ = {
			isa = PBXGroup;
			children = (
				FDF267EE2977EC1300D9EFF7 /* Observer_MinssonTests.swift */,
			);
			path = "Observer-MinssonTests";
			sourceTree = "<group>";
		};
/* End PBXGroup section */

/* Begin PBXNativeTarget section */
		FDF267CE2977E9D900D9EFF7 /* Observer-Minsson */ = {
			isa = PBXNativeTarget;
			buildConfigurationList = FDF267E32977E9DA00D9EFF7 /* Build configuration list for PBXNativeTarget "Observer-Minsson" */;
			buildPhases = (
				FDF267CB2977E9D900D9EFF7 /* Sources */,
				FDF267CC2977E9D900D9EFF7 /* Frameworks */,
				FDF267CD2977E9D900D9EFF7 /* Resources */,
			);
			buildRules = (
			);
			dependencies = (
			);
			name = "Observer-Minsson";
			productName = "Observer-Minsson";
			productReference = FDF267CF2977E9D900D9EFF7 /* Observer-Minsson.app */;
			productType = "com.apple.product-type.application";
		};
		FDF267EB2977EC1300D9EFF7 /* Observer-MinssonTests */ = {
			isa = PBXNativeTarget;
			buildConfigurationList = FDF267F22977EC1300D9EFF7 /* Build configuration list for PBXNativeTarget "Observer-MinssonTests" */;
			buildPhases = (
				FDF267E82977EC1300D9EFF7 /* Sources */,
				FDF267E92977EC1300D9EFF7 /* Frameworks */,
				FDF267EA2977EC1300D9EFF7 /* Resources */,
			);
			buildRules = (
			);
			dependencies = (
				FDF267F12977EC1300D9EFF7 /* PBXTargetDependency */,
			);
			name = "Observer-MinssonTests";
			productName = "Observer-MinssonTests";
			productReference = FDF267EC2977EC1300D9EFF7 /* Observer-MinssonTests.xctest */;
			productType = "com.apple.product-type.bundle.unit-test";
		};
/* End PBXNativeTarget section */

/* Begin PBXProject section */
		FDF267C72977E9D900D9EFF7 /* Project object */ = {
			isa = PBXProject;
			attributes = {
				BuildIndependentTargetsInParallel = 1;
				LastSwiftUpdateCheck = 1420;
				LastUpgradeCheck = 1420;
				TargetAttributes = {
					FDF267CE2977E9D900D9EFF7 = {
						CreatedOnToolsVersion = 14.2;
					};
					FDF267EB2977EC1300D9EFF7 = {
						CreatedOnToolsVersion = 14.2;
						TestTargetID = FDF267CE2977E9D900D9EFF7;
					};
				};
			};
			buildConfigurationList = FDF267CA2977E9D900D9EFF7 /* Build configuration list for PBXProject "Observer-Minsson" */;
			compatibilityVersion = "Xcode 14.0";
			developmentRegion = en;
			hasScannedForEncodings = 0;
			knownRegions = (
				en,
				Base,
			);
			mainGroup = FDF267C62977E9D900D9EFF7;
			productRefGroup = FDF267D02977E9D900D9EFF7 /* Products */;
			projectDirPath = "";
			projectRoot = "";
			targets = (
				FDF267CE2977E9D900D9EFF7 /* Observer-Minsson */,
				FDF267EB2977EC1300D9EFF7 /* Observer-MinssonTests */,
			);
		};
/* End PBXProject section */

/* Begin PBXResourcesBuildPhase section */
		FDF267CD2977E9D900D9EFF7 /* Resources */ = {
			isa = PBXResourcesBuildPhase;
			buildActionMask = 2147483647;
			files = (
				FDF267DF2977E9DA00D9EFF7 /* LaunchScreen.storyboard in Resources */,
				FDF267DC2977E9DA00D9EFF7 /* Assets.xcassets in Resources */,
				FDF267DA2977E9D900D9EFF7 /* Main.storyboard in Resources */,
			);
			runOnlyForDeploymentPostprocessing = 0;
		};
		FDF267EA2977EC1300D9EFF7 /* Resources */ = {
			isa = PBXResourcesBuildPhase;
			buildActionMask = 2147483647;
			files = (
			);
			runOnlyForDeploymentPostprocessing = 0;
		};
/* End PBXResourcesBuildPhase section */

/* Begin PBXSourcesBuildPhase section */
		FDF267CB2977E9D900D9EFF7 /* Sources */ = {
			isa = PBXSourcesBuildPhase;
			buildActionMask = 2147483647;
			files = (
				FDF267D72977E9D900D9EFF7 /* ViewController.swift in Sources */,
				FDF267D32977E9D900D9EFF7 /* AppDelegate.swift in Sources */,
				FDF267E72977EA2600D9EFF7 /* Product+ConcreteInterface.swift in Sources */,
				FDF267D52977E9D900D9EFF7 /* SceneDelegate.swift in Sources */,
			);
			runOnlyForDeploymentPostprocessing = 0;
		};
		FDF267E82977EC1300D9EFF7 /* Sources */ = {
			isa = PBXSourcesBuildPhase;
			buildActionMask = 2147483647;
			files = (
				FDF267EF2977EC1300D9EFF7 /* Observer_MinssonTests.swift in Sources */,
			);
			runOnlyForDeploymentPostprocessing = 0;
		};
/* End PBXSourcesBuildPhase section */

/* Begin PBXTargetDependency section */
		FDF267F12977EC1300D9EFF7 /* PBXTargetDependency */ = {
			isa = PBXTargetDependency;
			target = FDF267CE2977E9D900D9EFF7 /* Observer-Minsson */;
			targetProxy = FDF267F02977EC1300D9EFF7 /* PBXContainerItemProxy */;
		};
/* End PBXTargetDependency section */

/* Begin PBXVariantGroup section */
		FDF267D82977E9D900D9EFF7 /* Main.storyboard */ = {
			isa = PBXVariantGroup;
			children = (
				FDF267D92977E9D900D9EFF7 /* Base */,
			);
			name = Main.storyboard;
			sourceTree = "<group>";
		};
		FDF267DD2977E9DA00D9EFF7 /* LaunchScreen.storyboard */ = {
			isa = PBXVariantGroup;
			children = (
				FDF267DE2977E9DA00D9EFF7 /* Base */,
			);
			name = LaunchScreen.storyboard;
			sourceTree = "<group>";
		};
/* End PBXVariantGroup section */

/* Begin XCBuildConfiguration section */
		FDF267E12977E9DA00D9EFF7 /* Debug */ = {
			isa = XCBuildConfiguration;
			buildSettings = {
				ALWAYS_SEARCH_USER_PATHS = NO;
				CLANG_ANALYZER_NONNULL = YES;
				CLANG_ANALYZER_NUMBER_OBJECT_CONVERSION = YES_AGGRESSIVE;
				CLANG_CXX_LANGUAGE_STANDARD = "gnu++20";
				CLANG_ENABLE_MODULES = YES;
				CLANG_ENABLE_OBJC_ARC = YES;
				CLANG_ENABLE_OBJC_WEAK = YES;
				CLANG_WARN_BLOCK_CAPTURE_AUTORELEASING = YES;
				CLANG_WARN_BOOL_CONVERSION = YES;
				CLANG_WARN_COMMA = YES;
				CLANG_WARN_CONSTANT_CONVERSION = YES;
				CLANG_WARN_DEPRECATED_OBJC_IMPLEMENTATIONS = YES;
				CLANG_WARN_DIRECT_OBJC_ISA_USAGE = YES_ERROR;
				CLANG_WARN_DOCUMENTATION_COMMENTS = YES;
				CLANG_WARN_EMPTY_BODY = YES;
				CLANG_WARN_ENUM_CONVERSION = YES;
				CLANG_WARN_INFINITE_RECURSION = YES;
				CLANG_WARN_INT_CONVERSION = YES;
				CLANG_WARN_NON_LITERAL_NULL_CONVERSION = YES;
				CLANG_WARN_OBJC_IMPLICIT_RETAIN_SELF = YES;
				CLANG_WARN_OBJC_LITERAL_CONVERSION = YES;
				CLANG_WARN_OBJC_ROOT_CLASS = YES_ERROR;
				CLANG_WARN_QUOTED_INCLUDE_IN_FRAMEWORK_HEADER = YES;
				CLANG_WARN_RANGE_LOOP_ANALYSIS = YES;
				CLANG_WARN_STRICT_PROTOTYPES = YES;
				CLANG_WARN_SUSPICIOUS_MOVE = YES;
				CLANG_WARN_UNGUARDED_AVAILABILITY = YES_AGGRESSIVE;
				CLANG_WARN_UNREACHABLE_CODE = YES;
				CLANG_WARN__DUPLICATE_METHOD_MATCH = YES;
				COPY_PHASE_STRIP = NO;
				DEBUG_INFORMATION_FORMAT = dwarf;
				ENABLE_STRICT_OBJC_MSGSEND = YES;
				ENABLE_TESTABILITY = YES;
				GCC_C_LANGUAGE_STANDARD = gnu11;
				GCC_DYNAMIC_NO_PIC = NO;
				GCC_NO_COMMON_BLOCKS = YES;
				GCC_OPTIMIZATION_LEVEL = 0;
				GCC_PREPROCESSOR_DEFINITIONS = (
					"DEBUG=1",
					"$(inherited)",
				);
				GCC_WARN_64_TO_32_BIT_CONVERSION = YES;
				GCC_WARN_ABOUT_RETURN_TYPE = YES_ERROR;
				GCC_WARN_UNDECLARED_SELECTOR = YES;
				GCC_WARN_UNINITIALIZED_AUTOS = YES_AGGRESSIVE;
				GCC_WARN_UNUSED_FUNCTION = YES;
				GCC_WARN_UNUSED_VARIABLE = YES;
				IPHONEOS_DEPLOYMENT_TARGET = 16.2;
				MTL_ENABLE_DEBUG_INFO = INCLUDE_SOURCE;
				MTL_FAST_MATH = YES;
				ONLY_ACTIVE_ARCH = YES;
				SDKROOT = iphoneos;
				SWIFT_ACTIVE_COMPILATION_CONDITIONS = DEBUG;
				SWIFT_OPTIMIZATION_LEVEL = "-Onone";
			};
			name = Debug;
		};
		FDF267E22977E9DA00D9EFF7 /* Release */ = {
			isa = XCBuildConfiguration;
			buildSettings = {
				ALWAYS_SEARCH_USER_PATHS = NO;
				CLANG_ANALYZER_NONNULL = YES;
				CLANG_ANALYZER_NUMBER_OBJECT_CONVERSION = YES_AGGRESSIVE;
				CLANG_CXX_LANGUAGE_STANDARD = "gnu++20";
				CLANG_ENABLE_MODULES = YES;
				CLANG_ENABLE_OBJC_ARC = YES;
				CLANG_ENABLE_OBJC_WEAK = YES;
				CLANG_WARN_BLOCK_CAPTURE_AUTORELEASING = YES;
				CLANG_WARN_BOOL_CONVERSION = YES;
				CLANG_WARN_COMMA = YES;
				CLANG_WARN_CONSTANT_CONVERSION = YES;
				CLANG_WARN_DEPRECATED_OBJC_IMPLEMENTATIONS = YES;
				CLANG_WARN_DIRECT_OBJC_ISA_USAGE = YES_ERROR;
				CLANG_WARN_DOCUMENTATION_COMMENTS = YES;
				CLANG_WARN_EMPTY_BODY = YES;
				CLANG_WARN_ENUM_CONVERSION = YES;
				CLANG_WARN_INFINITE_RECURSION = YES;
				CLANG_WARN_INT_CONVERSION = YES;
				CLANG_WARN_NON_LITERAL_NULL_CONVERSION = YES;
				CLANG_WARN_OBJC_IMPLICIT_RETAIN_SELF = YES;
				CLANG_WARN_OBJC_LITERAL_CONVERSION = YES;
				CLANG_WARN_OBJC_ROOT_CLASS = YES_ERROR;
				CLANG_WARN_QUOTED_INCLUDE_IN_FRAMEWORK_HEADER = YES;
				CLANG_WARN_RANGE_LOOP_ANALYSIS = YES;
				CLANG_WARN_STRICT_PROTOTYPES = YES;
				CLANG_WARN_SUSPICIOUS_MOVE = YES;
				CLANG_WARN_UNGUARDED_AVAILABILITY = YES_AGGRESSIVE;
				CLANG_WARN_UNREACHABLE_CODE = YES;
				CLANG_WARN__DUPLICATE_METHOD_MATCH = YES;
				COPY_PHASE_STRIP = NO;
				DEBUG_INFORMATION_FORMAT = "dwarf-with-dsym";
				ENABLE_NS_ASSERTIONS = NO;
				ENABLE_STRICT_OBJC_MSGSEND = YES;
				GCC_C_LANGUAGE_STANDARD = gnu11;
				GCC_NO_COMMON_BLOCKS = YES;
				GCC_WARN_64_TO_32_BIT_CONVERSION = YES;
				GCC_WARN_ABOUT_RETURN_TYPE = YES_ERROR;
				GCC_WARN_UNDECLARED_SELECTOR = YES;
				GCC_WARN_UNINITIALIZED_AUTOS = YES_AGGRESSIVE;
				GCC_WARN_UNUSED_FUNCTION = YES;
				GCC_WARN_UNUSED_VARIABLE = YES;
				IPHONEOS_DEPLOYMENT_TARGET = 16.2;
				MTL_ENABLE_DEBUG_INFO = NO;
				MTL_FAST_MATH = YES;
				SDKROOT = iphoneos;
				SWIFT_COMPILATION_MODE = wholemodule;
				SWIFT_OPTIMIZATION_LEVEL = "-O";
				VALIDATE_PRODUCT = YES;
			};
			name = Release;
		};
		FDF267E42977E9DA00D9EFF7 /* Debug */ = {
			isa = XCBuildConfiguration;
			buildSettings = {
				ASSETCATALOG_COMPILER_APPICON_NAME = AppIcon;
				ASSETCATALOG_COMPILER_GLOBAL_ACCENT_COLOR_NAME = AccentColor;
				CODE_SIGN_STYLE = Automatic;
				CURRENT_PROJECT_VERSION = 1;
				DEVELOPMENT_TEAM = 4K2FDLWHBL;
				GENERATE_INFOPLIST_FILE = YES;
				INFOPLIST_FILE = "Observer-Minsson/Info.plist";
				INFOPLIST_KEY_UIApplicationSupportsIndirectInputEvents = YES;
				INFOPLIST_KEY_UILaunchStoryboardName = LaunchScreen;
				INFOPLIST_KEY_UIMainStoryboardFile = Main;
				INFOPLIST_KEY_UISupportedInterfaceOrientations_iPad = "UIInterfaceOrientationPortrait UIInterfaceOrientationPortraitUpsideDown UIInterfaceOrientationLandscapeLeft UIInterfaceOrientationLandscapeRight";
				INFOPLIST_KEY_UISupportedInterfaceOrientations_iPhone = "UIInterfaceOrientationPortrait UIInterfaceOrientationLandscapeLeft UIInterfaceOrientationLandscapeRight";
				LD_RUNPATH_SEARCH_PATHS = (
					"$(inherited)",
					"@executable_path/Frameworks",
				);
				MARKETING_VERSION = 1.0;
				PRODUCT_BUNDLE_IDENTIFIER = "io.minsson.Observer-Minsson";
				PRODUCT_NAME = "$(TARGET_NAME)";
				SWIFT_EMIT_LOC_STRINGS = YES;
				SWIFT_VERSION = 5.0;
				TARGETED_DEVICE_FAMILY = "1,2";
			};
			name = Debug;
		};
		FDF267E52977E9DA00D9EFF7 /* Release */ = {
			isa = XCBuildConfiguration;
			buildSettings = {
				ASSETCATALOG_COMPILER_APPICON_NAME = AppIcon;
				ASSETCATALOG_COMPILER_GLOBAL_ACCENT_COLOR_NAME = AccentColor;
				CODE_SIGN_STYLE = Automatic;
				CURRENT_PROJECT_VERSION = 1;
				DEVELOPMENT_TEAM = 4K2FDLWHBL;
				GENERATE_INFOPLIST_FILE = YES;
				INFOPLIST_FILE = "Observer-Minsson/Info.plist";
				INFOPLIST_KEY_UIApplicationSupportsIndirectInputEvents = YES;
				INFOPLIST_KEY_UILaunchStoryboardName = LaunchScreen;
				INFOPLIST_KEY_UIMainStoryboardFile = Main;
				INFOPLIST_KEY_UISupportedInterfaceOrientations_iPad = "UIInterfaceOrientationPortrait UIInterfaceOrientationPortraitUpsideDown UIInterfaceOrientationLandscapeLeft UIInterfaceOrientationLandscapeRight";
				INFOPLIST_KEY_UISupportedInterfaceOrientations_iPhone = "UIInterfaceOrientationPortrait UIInterfaceOrientationLandscapeLeft UIInterfaceOrientationLandscapeRight";
				LD_RUNPATH_SEARCH_PATHS = (
					"$(inherited)",
					"@executable_path/Frameworks",
				);
				MARKETING_VERSION = 1.0;
				PRODUCT_BUNDLE_IDENTIFIER = "io.minsson.Observer-Minsson";
				PRODUCT_NAME = "$(TARGET_NAME)";
				SWIFT_EMIT_LOC_STRINGS = YES;
				SWIFT_VERSION = 5.0;
				TARGETED_DEVICE_FAMILY = "1,2";
			};
			name = Release;
		};
		FDF267F32977EC1300D9EFF7 /* Debug */ = {
			isa = XCBuildConfiguration;
			buildSettings = {
				BUNDLE_LOADER = "$(TEST_HOST)";
				CODE_SIGN_STYLE = Automatic;
				CURRENT_PROJECT_VERSION = 1;
				DEVELOPMENT_TEAM = 4K2FDLWHBL;
				GENERATE_INFOPLIST_FILE = YES;
				IPHONEOS_DEPLOYMENT_TARGET = 16.2;
				MACOSX_DEPLOYMENT_TARGET = 13.1;
				MARKETING_VERSION = 1.0;
				PRODUCT_BUNDLE_IDENTIFIER = "io.minsson.Observer-MinssonTests";
				PRODUCT_NAME = "$(TARGET_NAME)";
				SDKROOT = auto;
				SUPPORTED_PLATFORMS = "iphoneos iphonesimulator macosx";
				SWIFT_EMIT_LOC_STRINGS = NO;
				SWIFT_VERSION = 5.0;
				TARGETED_DEVICE_FAMILY = "1,2";
				TEST_HOST = "$(BUILT_PRODUCTS_DIR)/Observer-Minsson.app/$(BUNDLE_EXECUTABLE_FOLDER_PATH)/Observer-Minsson";
			};
			name = Debug;
		};
		FDF267F42977EC1300D9EFF7 /* Release */ = {
			isa = XCBuildConfiguration;
			buildSettings = {
				BUNDLE_LOADER = "$(TEST_HOST)";
				CODE_SIGN_STYLE = Automatic;
				CURRENT_PROJECT_VERSION = 1;
				DEVELOPMENT_TEAM = 4K2FDLWHBL;
				GENERATE_INFOPLIST_FILE = YES;
				IPHONEOS_DEPLOYMENT_TARGET = 16.2;
				MACOSX_DEPLOYMENT_TARGET = 13.1;
				MARKETING_VERSION = 1.0;
				PRODUCT_BUNDLE_IDENTIFIER = "io.minsson.Observer-MinssonTests";
				PRODUCT_NAME = "$(TARGET_NAME)";
				SDKROOT = auto;
				SUPPORTED_PLATFORMS = "iphoneos iphonesimulator macosx";
				SWIFT_EMIT_LOC_STRINGS = NO;
				SWIFT_VERSION = 5.0;
				TARGETED_DEVICE_FAMILY = "1,2";
				TEST_HOST = "$(BUILT_PRODUCTS_DIR)/Observer-Minsson.app/$(BUNDLE_EXECUTABLE_FOLDER_PATH)/Observer-Minsson";
			};
			name = Release;
		};
/* End XCBuildConfiguration section */

/* Begin XCConfigurationList section */
		FDF267CA2977E9D900D9EFF7 /* Build configuration list for PBXProject "Observer-Minsson" */ = {
			isa = XCConfigurationList;
			buildConfigurations = (
				FDF267E12977E9DA00D9EFF7 /* Debug */,
				FDF267E22977E9DA00D9EFF7 /* Release */,
			);
			defaultConfigurationIsVisible = 0;
			defaultConfigurationName = Release;
		};
		FDF267E32977E9DA00D9EFF7 /* Build configuration list for PBXNativeTarget "Observer-Minsson" */ = {
			isa = XCConfigurationList;
			buildConfigurations = (
				FDF267E42977E9DA00D9EFF7 /* Debug */,
				FDF267E52977E9DA00D9EFF7 /* Release */,
			);
			defaultConfigurationIsVisible = 0;
			defaultConfigurationName = Release;
		};
		FDF267F22977EC1300D9EFF7 /* Build configuration list for PBXNativeTarget "Observer-MinssonTests" */ = {
			isa = XCConfigurationList;
			buildConfigurations = (
				FDF267F32977EC1300D9EFF7 /* Debug */,
				FDF267F42977EC1300D9EFF7 /* Release */,
			);
			defaultConfigurationIsVisible = 0;
			defaultConfigurationName = Release;
		};
/* End XCConfigurationList section */
	};
	rootObject = FDF267C72977E9D900D9EFF7 /* Project object */;
}
