// !$*UTF8*$!
{
	archiveVersion = 1;
	classes = {
	};
	objectVersion = 56;
	objects = {

/* Begin PBXBuildFile section */
		8AC5437B2912725E00871736 /* AppDelegate.swift in Sources */ = {isa = PBXBuildFile; fileRef = 8AC5437A2912725E00871736 /* AppDelegate.swift */; };
		8AC5437D2912725E00871736 /* SceneDelegate.swift in Sources */ = {isa = PBXBuildFile; fileRef = 8AC5437C2912725E00871736 /* SceneDelegate.swift */; };
		8AC5437F2912725E00871736 /* ViewController.swift in Sources */ = {isa = PBXBuildFile; fileRef = 8AC5437E2912725E00871736 /* ViewController.swift */; };
		8AC543822912725E00871736 /* Main.storyboard in Resources */ = {isa = PBXBuildFile; fileRef = 8AC543802912725E00871736 /* Main.storyboard */; };
		8AC543842912726200871736 /* Assets.xcassets in Resources */ = {isa = PBXBuildFile; fileRef = 8AC543832912726200871736 /* Assets.xcassets */; };
		8AC543872912726200871736 /* LaunchScreen.storyboard in Resources */ = {isa = PBXBuildFile; fileRef = 8AC543852912726200871736 /* LaunchScreen.storyboard */; };
		8AC5438F291272C300871736 /* SoundButton.swift in Sources */ = {isa = PBXBuildFile; fileRef = 8AC5438E291272C300871736 /* SoundButton.swift */; };
		8AC54391291272E700871736 /* SoundButtonImplementor.swift in Sources */ = {isa = PBXBuildFile; fileRef = 8AC54390291272E700871736 /* SoundButtonImplementor.swift */; };
		8AC543932912733E00871736 /* TvSoundButton.swift in Sources */ = {isa = PBXBuildFile; fileRef = 8AC543922912733E00871736 /* TvSoundButton.swift */; };
		8AC543952912739300871736 /* RadioSoundButton.swift in Sources */ = {isa = PBXBuildFile; fileRef = 8AC543942912739300871736 /* RadioSoundButton.swift */; };
/* End PBXBuildFile section */

/* Begin PBXFileReference section */
		8AC543772912725E00871736 /* bridge-BaekGom.app */ = {isa = PBXFileReference; explicitFileType = wrapper.application; includeInIndex = 0; path = "bridge-BaekGom.app"; sourceTree = BUILT_PRODUCTS_DIR; };
		8AC5437A2912725E00871736 /* AppDelegate.swift */ = {isa = PBXFileReference; lastKnownFileType = sourcecode.swift; path = AppDelegate.swift; sourceTree = "<group>"; };
		8AC5437C2912725E00871736 /* SceneDelegate.swift */ = {isa = PBXFileReference; lastKnownFileType = sourcecode.swift; path = SceneDelegate.swift; sourceTree = "<group>"; };
		8AC5437E2912725E00871736 /* ViewController.swift */ = {isa = PBXFileReference; lastKnownFileType = sourcecode.swift; path = ViewController.swift; sourceTree = "<group>"; };
		8AC543812912725E00871736 /* Base */ = {isa = PBXFileReference; lastKnownFileType = file.storyboard; name = Base; path = Base.lproj/Main.storyboard; sourceTree = "<group>"; };
		8AC543832912726200871736 /* Assets.xcassets */ = {isa = PBXFileReference; lastKnownFileType = folder.assetcatalog; path = Assets.xcassets; sourceTree = "<group>"; };
		8AC543862912726200871736 /* Base */ = {isa = PBXFileReference; lastKnownFileType = file.storyboard; name = Base; path = Base.lproj/LaunchScreen.storyboard; sourceTree = "<group>"; };
		8AC543882912726200871736 /* Info.plist */ = {isa = PBXFileReference; lastKnownFileType = text.plist.xml; path = Info.plist; sourceTree = "<group>"; };
		8AC5438E291272C300871736 /* SoundButton.swift */ = {isa = PBXFileReference; lastKnownFileType = sourcecode.swift; path = SoundButton.swift; sourceTree = "<group>"; };
		8AC54390291272E700871736 /* SoundButtonImplementor.swift */ = {isa = PBXFileReference; lastKnownFileType = sourcecode.swift; path = SoundButtonImplementor.swift; sourceTree = "<group>"; };
		8AC543922912733E00871736 /* TvSoundButton.swift */ = {isa = PBXFileReference; lastKnownFileType = sourcecode.swift; path = TvSoundButton.swift; sourceTree = "<group>"; };
		8AC543942912739300871736 /* RadioSoundButton.swift */ = {isa = PBXFileReference; lastKnownFileType = sourcecode.swift; path = RadioSoundButton.swift; sourceTree = "<group>"; };
/* End PBXFileReference section */

/* Begin PBXFrameworksBuildPhase section */
		8AC543742912725E00871736 /* Frameworks */ = {
			isa = PBXFrameworksBuildPhase;
			buildActionMask = 2147483647;
			files = (
			);
			runOnlyForDeploymentPostprocessing = 0;
		};
/* End PBXFrameworksBuildPhase section */

/* Begin PBXGroup section */
		8AC5436E2912725E00871736 = {
			isa = PBXGroup;
			children = (
				8AC543792912725E00871736 /* bridge-BaekGom */,
				8AC543782912725E00871736 /* Products */,
			);
			sourceTree = "<group>";
		};
		8AC543782912725E00871736 /* Products */ = {
			isa = PBXGroup;
			children = (
				8AC543772912725E00871736 /* bridge-BaekGom.app */,
			);
			name = Products;
			sourceTree = "<group>";
		};
		8AC543792912725E00871736 /* bridge-BaekGom */ = {
			isa = PBXGroup;
			children = (
				8AC5437A2912725E00871736 /* AppDelegate.swift */,
				8AC5437C2912725E00871736 /* SceneDelegate.swift */,
				8AC5437E2912725E00871736 /* ViewController.swift */,
				8AC543802912725E00871736 /* Main.storyboard */,
				8AC543832912726200871736 /* Assets.xcassets */,
				8AC543852912726200871736 /* LaunchScreen.storyboard */,
				8AC543882912726200871736 /* Info.plist */,
				8AC54390291272E700871736 /* SoundButtonImplementor.swift */,
				8AC5438E291272C300871736 /* SoundButton.swift */,
				8AC543922912733E00871736 /* TvSoundButton.swift */,
				8AC543942912739300871736 /* RadioSoundButton.swift */,
			);
			path = "bridge-BaekGom";
			sourceTree = "<group>";
		};
/* End PBXGroup section */

/* Begin PBXNativeTarget section */
		8AC543762912725E00871736 /* bridge-BaekGom */ = {
			isa = PBXNativeTarget;
			buildConfigurationList = 8AC5438B2912726200871736 /* Build configuration list for PBXNativeTarget "bridge-BaekGom" */;
			buildPhases = (
				8AC543732912725E00871736 /* Sources */,
				8AC543742912725E00871736 /* Frameworks */,
				8AC543752912725E00871736 /* Resources */,
			);
			buildRules = (
			);
			dependencies = (
			);
			name = "bridge-BaekGom";
			productName = "bridge-BaekGom";
			productReference = 8AC543772912725E00871736 /* bridge-BaekGom.app */;
			productType = "com.apple.product-type.application";
		};
/* End PBXNativeTarget section */

/* Begin PBXProject section */
		8AC5436F2912725E00871736 /* Project object */ = {
			isa = PBXProject;
			attributes = {
				BuildIndependentTargetsInParallel = 1;
				LastSwiftUpdateCheck = 1400;
				LastUpgradeCheck = 1400;
				TargetAttributes = {
					8AC543762912725E00871736 = {
						CreatedOnToolsVersion = 14.0.1;
					};
				};
			};
			buildConfigurationList = 8AC543722912725E00871736 /* Build configuration list for PBXProject "bridge-BaekGom" */;
			compatibilityVersion = "Xcode 14.0";
			developmentRegion = en;
			hasScannedForEncodings = 0;
			knownRegions = (
				en,
				Base,
			);
			mainGroup = 8AC5436E2912725E00871736;
			productRefGroup = 8AC543782912725E00871736 /* Products */;
			projectDirPath = "";
			projectRoot = "";
			targets = (
				8AC543762912725E00871736 /* bridge-BaekGom */,
			);
		};
/* End PBXProject section */

/* Begin PBXResourcesBuildPhase section */
		8AC543752912725E00871736 /* Resources */ = {
			isa = PBXResourcesBuildPhase;
			buildActionMask = 2147483647;
			files = (
				8AC543872912726200871736 /* LaunchScreen.storyboard in Resources */,
				8AC543842912726200871736 /* Assets.xcassets in Resources */,
				8AC543822912725E00871736 /* Main.storyboard in Resources */,
			);
			runOnlyForDeploymentPostprocessing = 0;
		};
/* End PBXResourcesBuildPhase section */

/* Begin PBXSourcesBuildPhase section */
		8AC543732912725E00871736 /* Sources */ = {
			isa = PBXSourcesBuildPhase;
			buildActionMask = 2147483647;
			files = (
				8AC54391291272E700871736 /* SoundButtonImplementor.swift in Sources */,
				8AC543952912739300871736 /* RadioSoundButton.swift in Sources */,
				8AC543932912733E00871736 /* TvSoundButton.swift in Sources */,
				8AC5437F2912725E00871736 /* ViewController.swift in Sources */,
				8AC5438F291272C300871736 /* SoundButton.swift in Sources */,
				8AC5437B2912725E00871736 /* AppDelegate.swift in Sources */,
				8AC5437D2912725E00871736 /* SceneDelegate.swift in Sources */,
			);
			runOnlyForDeploymentPostprocessing = 0;
		};
/* End PBXSourcesBuildPhase section */

/* Begin PBXVariantGroup section */
		8AC543802912725E00871736 /* Main.storyboard */ = {
			isa = PBXVariantGroup;
			children = (
				8AC543812912725E00871736 /* Base */,
			);
			name = Main.storyboard;
			sourceTree = "<group>";
		};
		8AC543852912726200871736 /* LaunchScreen.storyboard */ = {
			isa = PBXVariantGroup;
			children = (
				8AC543862912726200871736 /* Base */,
			);
			name = LaunchScreen.storyboard;
			sourceTree = "<group>";
		};
/* End PBXVariantGroup section */

/* Begin XCBuildConfiguration section */
		8AC543892912726200871736 /* Debug */ = {
			isa = XCBuildConfiguration;
			buildSettings = {
				ALWAYS_SEARCH_USER_PATHS = NO;
				CLANG_ANALYZER_NONNULL = YES;
				CLANG_ANALYZER_NUMBER_OBJECT_CONVERSION = YES_AGGRESSIVE;
				CLANG_CXX_LANGUAGE_STANDARD = "gnu++20";
				CLANG_ENABLE_MODULES = YES;
				CLANG_ENABLE_OBJC_ARC = YES;
				CLANG_ENABLE_OBJC_WEAK = YES;
				CLANG_WARN_BLOCK_CAPTURE_AUTORELEASING = YES;
				CLANG_WARN_BOOL_CONVERSION = YES;
				CLANG_WARN_COMMA = YES;
				CLANG_WARN_CONSTANT_CONVERSION = YES;
				CLANG_WARN_DEPRECATED_OBJC_IMPLEMENTATIONS = YES;
				CLANG_WARN_DIRECT_OBJC_ISA_USAGE = YES_ERROR;
				CLANG_WARN_DOCUMENTATION_COMMENTS = YES;
				CLANG_WARN_EMPTY_BODY = YES;
				CLANG_WARN_ENUM_CONVERSION = YES;
				CLANG_WARN_INFINITE_RECURSION = YES;
				CLANG_WARN_INT_CONVERSION = YES;
				CLANG_WARN_NON_LITERAL_NULL_CONVERSION = YES;
				CLANG_WARN_OBJC_IMPLICIT_RETAIN_SELF = YES;
				CLANG_WARN_OBJC_LITERAL_CONVERSION = YES;
				CLANG_WARN_OBJC_ROOT_CLASS = YES_ERROR;
				CLANG_WARN_QUOTED_INCLUDE_IN_FRAMEWORK_HEADER = YES;
				CLANG_WARN_RANGE_LOOP_ANALYSIS = YES;
				CLANG_WARN_STRICT_PROTOTYPES = YES;
				CLANG_WARN_SUSPICIOUS_MOVE = YES;
				CLANG_WARN_UNGUARDED_AVAILABILITY = YES_AGGRESSIVE;
				CLANG_WARN_UNREACHABLE_CODE = YES;
				CLANG_WARN__DUPLICATE_METHOD_MATCH = YES;
				COPY_PHASE_STRIP = NO;
				DEBUG_INFORMATION_FORMAT = dwarf;
				ENABLE_STRICT_OBJC_MSGSEND = YES;
				ENABLE_TESTABILITY = YES;
				GCC_C_LANGUAGE_STANDARD = gnu11;
				GCC_DYNAMIC_NO_PIC = NO;
				GCC_NO_COMMON_BLOCKS = YES;
				GCC_OPTIMIZATION_LEVEL = 0;
				GCC_PREPROCESSOR_DEFINITIONS = (
					"DEBUG=1",
					"$(inherited)",
				);
				GCC_WARN_64_TO_32_BIT_CONVERSION = YES;
				GCC_WARN_ABOUT_RETURN_TYPE = YES_ERROR;
				GCC_WARN_UNDECLARED_SELECTOR = YES;
				GCC_WARN_UNINITIALIZED_AUTOS = YES_AGGRESSIVE;
				GCC_WARN_UNUSED_FUNCTION = YES;
				GCC_WARN_UNUSED_VARIABLE = YES;
				IPHONEOS_DEPLOYMENT_TARGET = 16.0;
				MTL_ENABLE_DEBUG_INFO = INCLUDE_SOURCE;
				MTL_FAST_MATH = YES;
				ONLY_ACTIVE_ARCH = YES;
				SDKROOT = iphoneos;
				SWIFT_ACTIVE_COMPILATION_CONDITIONS = DEBUG;
				SWIFT_OPTIMIZATION_LEVEL = "-Onone";
			};
			name = Debug;
		};
		8AC5438A2912726200871736 /* Release */ = {
			isa = XCBuildConfiguration;
			buildSettings = {
				ALWAYS_SEARCH_USER_PATHS = NO;
				CLANG_ANALYZER_NONNULL = YES;
				CLANG_ANALYZER_NUMBER_OBJECT_CONVERSION = YES_AGGRESSIVE;
				CLANG_CXX_LANGUAGE_STANDARD = "gnu++20";
				CLANG_ENABLE_MODULES = YES;
				CLANG_ENABLE_OBJC_ARC = YES;
				CLANG_ENABLE_OBJC_WEAK = YES;
				CLANG_WARN_BLOCK_CAPTURE_AUTORELEASING = YES;
				CLANG_WARN_BOOL_CONVERSION = YES;
				CLANG_WARN_COMMA = YES;
				CLANG_WARN_CONSTANT_CONVERSION = YES;
				CLANG_WARN_DEPRECATED_OBJC_IMPLEMENTATIONS = YES;
				CLANG_WARN_DIRECT_OBJC_ISA_USAGE = YES_ERROR;
				CLANG_WARN_DOCUMENTATION_COMMENTS = YES;
				CLANG_WARN_EMPTY_BODY = YES;
				CLANG_WARN_ENUM_CONVERSION = YES;
				CLANG_WARN_INFINITE_RECURSION = YES;
				CLANG_WARN_INT_CONVERSION = YES;
				CLANG_WARN_NON_LITERAL_NULL_CONVERSION = YES;
				CLANG_WARN_OBJC_IMPLICIT_RETAIN_SELF = YES;
				CLANG_WARN_OBJC_LITERAL_CONVERSION = YES;
				CLANG_WARN_OBJC_ROOT_CLASS = YES_ERROR;
				CLANG_WARN_QUOTED_INCLUDE_IN_FRAMEWORK_HEADER = YES;
				CLANG_WARN_RANGE_LOOP_ANALYSIS = YES;
				CLANG_WARN_STRICT_PROTOTYPES = YES;
				CLANG_WARN_SUSPICIOUS_MOVE = YES;
				CLANG_WARN_UNGUARDED_AVAILABILITY = YES_AGGRESSIVE;
				CLANG_WARN_UNREACHABLE_CODE = YES;
				CLANG_WARN__DUPLICATE_METHOD_MATCH = YES;
				COPY_PHASE_STRIP = NO;
				DEBUG_INFORMATION_FORMAT = "dwarf-with-dsym";
				ENABLE_NS_ASSERTIONS = NO;
				ENABLE_STRICT_OBJC_MSGSEND = YES;
				GCC_C_LANGUAGE_STANDARD = gnu11;
				GCC_NO_COMMON_BLOCKS = YES;
				GCC_WARN_64_TO_32_BIT_CONVERSION = YES;
				GCC_WARN_ABOUT_RETURN_TYPE = YES_ERROR;
				GCC_WARN_UNDECLARED_SELECTOR = YES;
				GCC_WARN_UNINITIALIZED_AUTOS = YES_AGGRESSIVE;
				GCC_WARN_UNUSED_FUNCTION = YES;
				GCC_WARN_UNUSED_VARIABLE = YES;
				IPHONEOS_DEPLOYMENT_TARGET = 16.0;
				MTL_ENABLE_DEBUG_INFO = NO;
				MTL_FAST_MATH = YES;
				SDKROOT = iphoneos;
				SWIFT_COMPILATION_MODE = wholemodule;
				SWIFT_OPTIMIZATION_LEVEL = "-O";
				VALIDATE_PRODUCT = YES;
			};
			name = Release;
		};
		8AC5438C2912726200871736 /* Debug */ = {
			isa = XCBuildConfiguration;
			buildSettings = {
				ASSETCATALOG_COMPILER_APPICON_NAME = AppIcon;
				ASSETCATALOG_COMPILER_GLOBAL_ACCENT_COLOR_NAME = AccentColor;
				CODE_SIGN_STYLE = Automatic;
				CURRENT_PROJECT_VERSION = 1;
				GENERATE_INFOPLIST_FILE = YES;
				INFOPLIST_FILE = "bridge-BaekGom/Info.plist";
				INFOPLIST_KEY_UIApplicationSupportsIndirectInputEvents = YES;
				INFOPLIST_KEY_UILaunchStoryboardName = LaunchScreen;
				INFOPLIST_KEY_UIMainStoryboardFile = Main;
				INFOPLIST_KEY_UISupportedInterfaceOrientations_iPad = "UIInterfaceOrientationPortrait UIInterfaceOrientationPortraitUpsideDown UIInterfaceOrientationLandscapeLeft UIInterfaceOrientationLandscapeRight";
				INFOPLIST_KEY_UISupportedInterfaceOrientations_iPhone = "UIInterfaceOrientationPortrait UIInterfaceOrientationLandscapeLeft UIInterfaceOrientationLandscapeRight";
				LD_RUNPATH_SEARCH_PATHS = (
					"$(inherited)",
					"@executable_path/Frameworks",
				);
				MARKETING_VERSION = 1.0;
				PRODUCT_BUNDLE_IDENTIFIER = "net.yagom.bridge-BaekGom";
				PRODUCT_NAME = "$(TARGET_NAME)";
				SWIFT_EMIT_LOC_STRINGS = YES;
				SWIFT_VERSION = 5.0;
				TARGETED_DEVICE_FAMILY = "1,2";
			};
			name = Debug;
		};
		8AC5438D2912726200871736 /* Release */ = {
			isa = XCBuildConfiguration;
			buildSettings = {
				ASSETCATALOG_COMPILER_APPICON_NAME = AppIcon;
				ASSETCATALOG_COMPILER_GLOBAL_ACCENT_COLOR_NAME = AccentColor;
				CODE_SIGN_STYLE = Automatic;
				CURRENT_PROJECT_VERSION = 1;
				GENERATE_INFOPLIST_FILE = YES;
				INFOPLIST_FILE = "bridge-BaekGom/Info.plist";
				INFOPLIST_KEY_UIApplicationSupportsIndirectInputEvents = YES;
				INFOPLIST_KEY_UILaunchStoryboardName = LaunchScreen;
				INFOPLIST_KEY_UIMainStoryboardFile = Main;
				INFOPLIST_KEY_UISupportedInterfaceOrientations_iPad = "UIInterfaceOrientationPortrait UIInterfaceOrientationPortraitUpsideDown UIInterfaceOrientationLandscapeLeft UIInterfaceOrientationLandscapeRight";
				INFOPLIST_KEY_UISupportedInterfaceOrientations_iPhone = "UIInterfaceOrientationPortrait UIInterfaceOrientationLandscapeLeft UIInterfaceOrientationLandscapeRight";
				LD_RUNPATH_SEARCH_PATHS = (
					"$(inherited)",
					"@executable_path/Frameworks",
				);
				MARKETING_VERSION = 1.0;
				PRODUCT_BUNDLE_IDENTIFIER = "net.yagom.bridge-BaekGom";
				PRODUCT_NAME = "$(TARGET_NAME)";
				SWIFT_EMIT_LOC_STRINGS = YES;
				SWIFT_VERSION = 5.0;
				TARGETED_DEVICE_FAMILY = "1,2";
			};
			name = Release;
		};
/* End XCBuildConfiguration section */

/* Begin XCConfigurationList section */
		8AC543722912725E00871736 /* Build configuration list for PBXProject "bridge-BaekGom" */ = {
			isa = XCConfigurationList;
			buildConfigurations = (
				8AC543892912726200871736 /* Debug */,
				8AC5438A2912726200871736 /* Release */,
			);
			defaultConfigurationIsVisible = 0;
			defaultConfigurationName = Release;
		};
		8AC5438B2912726200871736 /* Build configuration list for PBXNativeTarget "bridge-BaekGom" */ = {
			isa = XCConfigurationList;
			buildConfigurations = (
				8AC5438C2912726200871736 /* Debug */,
				8AC5438D2912726200871736 /* Release */,
			);
			defaultConfigurationIsVisible = 0;
			defaultConfigurationName = Release;
		};
/* End XCConfigurationList section */
	};
	rootObject = 8AC5436F2912725E00871736 /* Project object */;
}
