// !$*UTF8*$!
{
	archiveVersion = 1;
	classes = {
	};
	objectVersion = 56;
	objects = {

/* Begin PBXBuildFile section */
		200D3EC2292DECDA00D26BCA /* main.swift in Sources */ = {isa = PBXBuildFile; fileRef = 200D3EC1292DECDA00D26BCA /* main.swift */; };
		200D3EC9292DED6500D26BCA /* FirebaseLibrary.swift in Sources */ = {isa = PBXBuildFile; fileRef = 200D3EC8292DED6500D26BCA /* FirebaseLibrary.swift */; };
		200D3ECB292DEDE000D26BCA /* Facade.swift in Sources */ = {isa = PBXBuildFile; fileRef = 200D3ECA292DEDE000D26BCA /* Facade.swift */; };
		200D3ECD292DEE5000D26BCA /* CoreDataFramework.swift in Sources */ = {isa = PBXBuildFile; fileRef = 200D3ECC292DEE5000D26BCA /* CoreDataFramework.swift */; };
/* End PBXBuildFile section */

/* Begin PBXCopyFilesBuildPhase section */
		200D3EBC292DECDA00D26BCA /* CopyFiles */ = {
			isa = PBXCopyFilesBuildPhase;
			buildActionMask = 2147483647;
			dstPath = /usr/share/man/man1/;
			dstSubfolderSpec = 0;
			files = (
			);
			runOnlyForDeploymentPostprocessing = 1;
		};
/* End PBXCopyFilesBuildPhase section */

/* Begin PBXFileReference section */
		200D3EBE292DECDA00D26BCA /* Facade-Judy */ = {isa = PBXFileReference; explicitFileType = "compiled.mach-o.executable"; includeInIndex = 0; path = "Facade-Judy"; sourceTree = BUILT_PRODUCTS_DIR; };
		200D3EC1292DECDA00D26BCA /* main.swift */ = {isa = PBXFileReference; lastKnownFileType = sourcecode.swift; path = main.swift; sourceTree = "<group>"; };
		200D3EC8292DED6500D26BCA /* FirebaseLibrary.swift */ = {isa = PBXFileReference; lastKnownFileType = sourcecode.swift; path = FirebaseLibrary.swift; sourceTree = "<group>"; };
		200D3ECA292DEDE000D26BCA /* Facade.swift */ = {isa = PBXFileReference; lastKnownFileType = sourcecode.swift; path = Facade.swift; sourceTree = "<group>"; };
		200D3ECC292DEE5000D26BCA /* CoreDataFramework.swift */ = {isa = PBXFileReference; lastKnownFileType = sourcecode.swift; path = CoreDataFramework.swift; sourceTree = "<group>"; };
/* End PBXFileReference section */

/* Begin PBXFrameworksBuildPhase section */
		200D3EBB292DECDA00D26BCA /* Frameworks */ = {
			isa = PBXFrameworksBuildPhase;
			buildActionMask = 2147483647;
			files = (
			);
			runOnlyForDeploymentPostprocessing = 0;
		};
/* End PBXFrameworksBuildPhase section */

/* Begin PBXGroup section */
		200D3EB5292DECDA00D26BCA = {
			isa = PBXGroup;
			children = (
				200D3EC0292DECDA00D26BCA /* Facade-Judy */,
				200D3EBF292DECDA00D26BCA /* Products */,
			);
			sourceTree = "<group>";
		};
		200D3EBF292DECDA00D26BCA /* Products */ = {
			isa = PBXGroup;
			children = (
				200D3EBE292DECDA00D26BCA /* Facade-Judy */,
			);
			name = Products;
			sourceTree = "<group>";
		};
		200D3EC0292DECDA00D26BCA /* Facade-Judy */ = {
			isa = PBXGroup;
			children = (
				200D3EC1292DECDA00D26BCA /* main.swift */,
				200D3EC8292DED6500D26BCA /* FirebaseLibrary.swift */,
				200D3ECC292DEE5000D26BCA /* CoreDataFramework.swift */,
				200D3ECA292DEDE000D26BCA /* Facade.swift */,
			);
			path = "Facade-Judy";
			sourceTree = "<group>";
		};
/* End PBXGroup section */

/* Begin PBXNativeTarget section */
		200D3EBD292DECDA00D26BCA /* Facade-Judy */ = {
			isa = PBXNativeTarget;
			buildConfigurationList = 200D3EC5292DECDA00D26BCA /* Build configuration list for PBXNativeTarget "Facade-Judy" */;
			buildPhases = (
				200D3EBA292DECDA00D26BCA /* Sources */,
				200D3EBB292DECDA00D26BCA /* Frameworks */,
				200D3EBC292DECDA00D26BCA /* CopyFiles */,
			);
			buildRules = (
			);
			dependencies = (
			);
			name = "Facade-Judy";
			productName = "Facade-Judy";
			productReference = 200D3EBE292DECDA00D26BCA /* Facade-Judy */;
			productType = "com.apple.product-type.tool";
		};
/* End PBXNativeTarget section */

/* Begin PBXProject section */
		200D3EB6292DECDA00D26BCA /* Project object */ = {
			isa = PBXProject;
			attributes = {
				BuildIndependentTargetsInParallel = 1;
				LastSwiftUpdateCheck = 1410;
				LastUpgradeCheck = 1410;
				TargetAttributes = {
					200D3EBD292DECDA00D26BCA = {
						CreatedOnToolsVersion = 14.1;
					};
				};
			};
			buildConfigurationList = 200D3EB9292DECDA00D26BCA /* Build configuration list for PBXProject "Facade-Judy" */;
			compatibilityVersion = "Xcode 14.0";
			developmentRegion = en;
			hasScannedForEncodings = 0;
			knownRegions = (
				en,
				Base,
			);
			mainGroup = 200D3EB5292DECDA00D26BCA;
			productRefGroup = 200D3EBF292DECDA00D26BCA /* Products */;
			projectDirPath = "";
			projectRoot = "";
			targets = (
				200D3EBD292DECDA00D26BCA /* Facade-Judy */,
			);
		};
/* End PBXProject section */

/* Begin PBXSourcesBuildPhase section */
		200D3EBA292DECDA00D26BCA /* Sources */ = {
			isa = PBXSourcesBuildPhase;
			buildActionMask = 2147483647;
			files = (
				200D3ECD292DEE5000D26BCA /* CoreDataFramework.swift in Sources */,
				200D3ECB292DEDE000D26BCA /* Facade.swift in Sources */,
				200D3EC9292DED6500D26BCA /* FirebaseLibrary.swift in Sources */,
				200D3EC2292DECDA00D26BCA /* main.swift in Sources */,
			);
			runOnlyForDeploymentPostprocessing = 0;
		};
/* End PBXSourcesBuildPhase section */

/* Begin XCBuildConfiguration section */
		200D3EC3292DECDA00D26BCA /* Debug */ = {
			isa = XCBuildConfiguration;
			buildSettings = {
				ALWAYS_SEARCH_USER_PATHS = NO;
				CLANG_ANALYZER_NONNULL = YES;
				CLANG_ANALYZER_NUMBER_OBJECT_CONVERSION = YES_AGGRESSIVE;
				CLANG_CXX_LANGUAGE_STANDARD = "gnu++20";
				CLANG_ENABLE_MODULES = YES;
				CLANG_ENABLE_OBJC_ARC = YES;
				CLANG_ENABLE_OBJC_WEAK = YES;
				CLANG_WARN_BLOCK_CAPTURE_AUTORELEASING = YES;
				CLANG_WARN_BOOL_CONVERSION = YES;
				CLANG_WARN_COMMA = YES;
				CLANG_WARN_CONSTANT_CONVERSION = YES;
				CLANG_WARN_DEPRECATED_OBJC_IMPLEMENTATIONS = YES;
				CLANG_WARN_DIRECT_OBJC_ISA_USAGE = YES_ERROR;
				CLANG_WARN_DOCUMENTATION_COMMENTS = YES;
				CLANG_WARN_EMPTY_BODY = YES;
				CLANG_WARN_ENUM_CONVERSION = YES;
				CLANG_WARN_INFINITE_RECURSION = YES;
				CLANG_WARN_INT_CONVERSION = YES;
				CLANG_WARN_NON_LITERAL_NULL_CONVERSION = YES;
				CLANG_WARN_OBJC_IMPLICIT_RETAIN_SELF = YES;
				CLANG_WARN_OBJC_LITERAL_CONVERSION = YES;
				CLANG_WARN_OBJC_ROOT_CLASS = YES_ERROR;
				CLANG_WARN_QUOTED_INCLUDE_IN_FRAMEWORK_HEADER = YES;
				CLANG_WARN_RANGE_LOOP_ANALYSIS = YES;
				CLANG_WARN_STRICT_PROTOTYPES = YES;
				CLANG_WARN_SUSPICIOUS_MOVE = YES;
				CLANG_WARN_UNGUARDED_AVAILABILITY = YES_AGGRESSIVE;
				CLANG_WARN_UNREACHABLE_CODE = YES;
				CLANG_WARN__DUPLICATE_METHOD_MATCH = YES;
				COPY_PHASE_STRIP = NO;
				DEBUG_INFORMATION_FORMAT = dwarf;
				ENABLE_STRICT_OBJC_MSGSEND = YES;
				ENABLE_TESTABILITY = YES;
				GCC_C_LANGUAGE_STANDARD = gnu11;
				GCC_DYNAMIC_NO_PIC = NO;
				GCC_NO_COMMON_BLOCKS = YES;
				GCC_OPTIMIZATION_LEVEL = 0;
				GCC_PREPROCESSOR_DEFINITIONS = (
					"DEBUG=1",
					"$(inherited)",
				);
				GCC_WARN_64_TO_32_BIT_CONVERSION = YES;
				GCC_WARN_ABOUT_RETURN_TYPE = YES_ERROR;
				GCC_WARN_UNDECLARED_SELECTOR = YES;
				GCC_WARN_UNINITIALIZED_AUTOS = YES_AGGRESSIVE;
				GCC_WARN_UNUSED_FUNCTION = YES;
				GCC_WARN_UNUSED_VARIABLE = YES;
				MACOSX_DEPLOYMENT_TARGET = 12.6;
				MTL_ENABLE_DEBUG_INFO = INCLUDE_SOURCE;
				MTL_FAST_MATH = YES;
				ONLY_ACTIVE_ARCH = YES;
				SDKROOT = macosx;
				SWIFT_ACTIVE_COMPILATION_CONDITIONS = DEBUG;
				SWIFT_OPTIMIZATION_LEVEL = "-Onone";
			};
			name = Debug;
		};
		200D3EC4292DECDA00D26BCA /* Release */ = {
			isa = XCBuildConfiguration;
			buildSettings = {
				ALWAYS_SEARCH_USER_PATHS = NO;
				CLANG_ANALYZER_NONNULL = YES;
				CLANG_ANALYZER_NUMBER_OBJECT_CONVERSION = YES_AGGRESSIVE;
				CLANG_CXX_LANGUAGE_STANDARD = "gnu++20";
				CLANG_ENABLE_MODULES = YES;
				CLANG_ENABLE_OBJC_ARC = YES;
				CLANG_ENABLE_OBJC_WEAK = YES;
				CLANG_WARN_BLOCK_CAPTURE_AUTORELEASING = YES;
				CLANG_WARN_BOOL_CONVERSION = YES;
				CLANG_WARN_COMMA = YES;
				CLANG_WARN_CONSTANT_CONVERSION = YES;
				CLANG_WARN_DEPRECATED_OBJC_IMPLEMENTATIONS = YES;
				CLANG_WARN_DIRECT_OBJC_ISA_USAGE = YES_ERROR;
				CLANG_WARN_DOCUMENTATION_COMMENTS = YES;
				CLANG_WARN_EMPTY_BODY = YES;
				CLANG_WARN_ENUM_CONVERSION = YES;
				CLANG_WARN_INFINITE_RECURSION = YES;
				CLANG_WARN_INT_CONVERSION = YES;
				CLANG_WARN_NON_LITERAL_NULL_CONVERSION = YES;
				CLANG_WARN_OBJC_IMPLICIT_RETAIN_SELF = YES;
				CLANG_WARN_OBJC_LITERAL_CONVERSION = YES;
				CLANG_WARN_OBJC_ROOT_CLASS = YES_ERROR;
				CLANG_WARN_QUOTED_INCLUDE_IN_FRAMEWORK_HEADER = YES;
				CLANG_WARN_RANGE_LOOP_ANALYSIS = YES;
				CLANG_WARN_STRICT_PROTOTYPES = YES;
				CLANG_WARN_SUSPICIOUS_MOVE = YES;
				CLANG_WARN_UNGUARDED_AVAILABILITY = YES_AGGRESSIVE;
				CLANG_WARN_UNREACHABLE_CODE = YES;
				CLANG_WARN__DUPLICATE_METHOD_MATCH = YES;
				COPY_PHASE_STRIP = NO;
				DEBUG_INFORMATION_FORMAT = "dwarf-with-dsym";
				ENABLE_NS_ASSERTIONS = NO;
				ENABLE_STRICT_OBJC_MSGSEND = YES;
				GCC_C_LANGUAGE_STANDARD = gnu11;
				GCC_NO_COMMON_BLOCKS = YES;
				GCC_WARN_64_TO_32_BIT_CONVERSION = YES;
				GCC_WARN_ABOUT_RETURN_TYPE = YES_ERROR;
				GCC_WARN_UNDECLARED_SELECTOR = YES;
				GCC_WARN_UNINITIALIZED_AUTOS = YES_AGGRESSIVE;
				GCC_WARN_UNUSED_FUNCTION = YES;
				GCC_WARN_UNUSED_VARIABLE = YES;
				MACOSX_DEPLOYMENT_TARGET = 12.6;
				MTL_ENABLE_DEBUG_INFO = NO;
				MTL_FAST_MATH = YES;
				SDKROOT = macosx;
				SWIFT_COMPILATION_MODE = wholemodule;
				SWIFT_OPTIMIZATION_LEVEL = "-O";
			};
			name = Release;
		};
		200D3EC6292DECDA00D26BCA /* Debug */ = {
			isa = XCBuildConfiguration;
			buildSettings = {
				CODE_SIGN_STYLE = Automatic;
				PRODUCT_NAME = "$(TARGET_NAME)";
				SWIFT_VERSION = 5.0;
			};
			name = Debug;
		};
		200D3EC7292DECDA00D26BCA /* Release */ = {
			isa = XCBuildConfiguration;
			buildSettings = {
				CODE_SIGN_STYLE = Automatic;
				PRODUCT_NAME = "$(TARGET_NAME)";
				SWIFT_VERSION = 5.0;
			};
			name = Release;
		};
/* End XCBuildConfiguration section */

/* Begin XCConfigurationList section */
		200D3EB9292DECDA00D26BCA /* Build configuration list for PBXProject "Facade-Judy" */ = {
			isa = XCConfigurationList;
			buildConfigurations = (
				200D3EC3292DECDA00D26BCA /* Debug */,
				200D3EC4292DECDA00D26BCA /* Release */,
			);
			defaultConfigurationIsVisible = 0;
			defaultConfigurationName = Release;
		};
		200D3EC5292DECDA00D26BCA /* Build configuration list for PBXNativeTarget "Facade-Judy" */ = {
			isa = XCConfigurationList;
			buildConfigurations = (
				200D3EC6292DECDA00D26BCA /* Debug */,
				200D3EC7292DECDA00D26BCA /* Release */,
			);
			defaultConfigurationIsVisible = 0;
			defaultConfigurationName = Release;
		};
/* End XCConfigurationList section */
	};
	rootObject = 200D3EB6292DECDA00D26BCA /* Project object */;
}
