// !$*UTF8*$!
{
	archiveVersion = 1;
	classes = {
	};
	objectVersion = 56;
	objects = {

/* Begin PBXBuildFile section */
		AF28535B292DF4AB002202AC /* RoadBADExample.swift in Sources */ = {isa = PBXBuildFile; fileRef = AF28535A292DF4AB002202AC /* RoadBADExample.swift */; };
		AF28535D292DF573002202AC /* RoadGoodExample.swift in Sources */ = {isa = PBXBuildFile; fileRef = AF28535C292DF573002202AC /* RoadGoodExample.swift */; };
		AF6CE826292CA3EA008917BC /* main.swift in Sources */ = {isa = PBXBuildFile; fileRef = AF6CE825292CA3EA008917BC /* main.swift */; };
		AF6CE82D292CA6BC008917BC /* Example.swift in Sources */ = {isa = PBXBuildFile; fileRef = AF6CE82C292CA6BC008917BC /* Example.swift */; };
		AF6CE82F292CAA6F008917BC /* RealWorldExample.swift in Sources */ = {isa = PBXBuildFile; fileRef = AF6CE82E292CAA6F008917BC /* RealWorldExample.swift */; };
/* End PBXBuildFile section */

/* Begin PBXCopyFilesBuildPhase section */
		AF6CE820292CA3EA008917BC /* CopyFiles */ = {
			isa = PBXCopyFilesBuildPhase;
			buildActionMask = 2147483647;
			dstPath = /usr/share/man/man1/;
			dstSubfolderSpec = 0;
			files = (
			);
			runOnlyForDeploymentPostprocessing = 1;
		};
/* End PBXCopyFilesBuildPhase section */

/* Begin PBXFileReference section */
		AF28535A292DF4AB002202AC /* RoadBADExample.swift */ = {isa = PBXFileReference; lastKnownFileType = sourcecode.swift; path = RoadBADExample.swift; sourceTree = "<group>"; };
		AF28535C292DF573002202AC /* RoadGoodExample.swift */ = {isa = PBXFileReference; lastKnownFileType = sourcecode.swift; path = RoadGoodExample.swift; sourceTree = "<group>"; };
		AF6CE822292CA3EA008917BC /* Decorator-wongbing */ = {isa = PBXFileReference; explicitFileType = "compiled.mach-o.executable"; includeInIndex = 0; path = "Decorator-wongbing"; sourceTree = BUILT_PRODUCTS_DIR; };
		AF6CE825292CA3EA008917BC /* main.swift */ = {isa = PBXFileReference; lastKnownFileType = sourcecode.swift; path = main.swift; sourceTree = "<group>"; };
		AF6CE82C292CA6BC008917BC /* Example.swift */ = {isa = PBXFileReference; lastKnownFileType = sourcecode.swift; path = Example.swift; sourceTree = "<group>"; };
		AF6CE82E292CAA6F008917BC /* RealWorldExample.swift */ = {isa = PBXFileReference; lastKnownFileType = sourcecode.swift; path = RealWorldExample.swift; sourceTree = "<group>"; };
/* End PBXFileReference section */

/* Begin PBXFrameworksBuildPhase section */
		AF6CE81F292CA3EA008917BC /* Frameworks */ = {
			isa = PBXFrameworksBuildPhase;
			buildActionMask = 2147483647;
			files = (
			);
			runOnlyForDeploymentPostprocessing = 0;
		};
/* End PBXFrameworksBuildPhase section */

/* Begin PBXGroup section */
		AF6CE819292CA3EA008917BC = {
			isa = PBXGroup;
			children = (
				AF6CE824292CA3EA008917BC /* Decorator-wongbing */,
				AF6CE823292CA3EA008917BC /* Products */,
			);
			sourceTree = "<group>";
		};
		AF6CE823292CA3EA008917BC /* Products */ = {
			isa = PBXGroup;
			children = (
				AF6CE822292CA3EA008917BC /* Decorator-wongbing */,
			);
			name = Products;
			sourceTree = "<group>";
		};
		AF6CE824292CA3EA008917BC /* Decorator-wongbing */ = {
			isa = PBXGroup;
			children = (
				AF6CE825292CA3EA008917BC /* main.swift */,
				AF6CE82C292CA6BC008917BC /* Example.swift */,
				AF6CE82E292CAA6F008917BC /* RealWorldExample.swift */,
				AF28535A292DF4AB002202AC /* RoadBADExample.swift */,
				AF28535C292DF573002202AC /* RoadGoodExample.swift */,
			);
			path = "Decorator-wongbing";
			sourceTree = "<group>";
		};
/* End PBXGroup section */

/* Begin PBXNativeTarget section */
		AF6CE821292CA3EA008917BC /* Decorator-wongbing */ = {
			isa = PBXNativeTarget;
			buildConfigurationList = AF6CE829292CA3EA008917BC /* Build configuration list for PBXNativeTarget "Decorator-wongbing" */;
			buildPhases = (
				AF6CE81E292CA3EA008917BC /* Sources */,
				AF6CE81F292CA3EA008917BC /* Frameworks */,
				AF6CE820292CA3EA008917BC /* CopyFiles */,
			);
			buildRules = (
			);
			dependencies = (
			);
			name = "Decorator-wongbing";
			productName = "Decorator-wongbing";
			productReference = AF6CE822292CA3EA008917BC /* Decorator-wongbing */;
			productType = "com.apple.product-type.tool";
		};
/* End PBXNativeTarget section */

/* Begin PBXProject section */
		AF6CE81A292CA3EA008917BC /* Project object */ = {
			isa = PBXProject;
			attributes = {
				BuildIndependentTargetsInParallel = 1;
				LastSwiftUpdateCheck = 1400;
				LastUpgradeCheck = 1400;
				TargetAttributes = {
					AF6CE821292CA3EA008917BC = {
						CreatedOnToolsVersion = 14.0.1;
					};
				};
			};
			buildConfigurationList = AF6CE81D292CA3EA008917BC /* Build configuration list for PBXProject "Decorator-wongbing" */;
			compatibilityVersion = "Xcode 14.0";
			developmentRegion = en;
			hasScannedForEncodings = 0;
			knownRegions = (
				en,
				Base,
			);
			mainGroup = AF6CE819292CA3EA008917BC;
			productRefGroup = AF6CE823292CA3EA008917BC /* Products */;
			projectDirPath = "";
			projectRoot = "";
			targets = (
				AF6CE821292CA3EA008917BC /* Decorator-wongbing */,
			);
		};
/* End PBXProject section */

/* Begin PBXSourcesBuildPhase section */
		AF6CE81E292CA3EA008917BC /* Sources */ = {
			isa = PBXSourcesBuildPhase;
			buildActionMask = 2147483647;
			files = (
				AF28535D292DF573002202AC /* RoadGoodExample.swift in Sources */,
				AF6CE82D292CA6BC008917BC /* Example.swift in Sources */,
				AF6CE82F292CAA6F008917BC /* RealWorldExample.swift in Sources */,
				AF28535B292DF4AB002202AC /* RoadBADExample.swift in Sources */,
				AF6CE826292CA3EA008917BC /* main.swift in Sources */,
			);
			runOnlyForDeploymentPostprocessing = 0;
		};
/* End PBXSourcesBuildPhase section */

/* Begin XCBuildConfiguration section */
		AF6CE827292CA3EA008917BC /* Debug */ = {
			isa = XCBuildConfiguration;
			buildSettings = {
				ALWAYS_SEARCH_USER_PATHS = NO;
				CLANG_ANALYZER_NONNULL = YES;
				CLANG_ANALYZER_NUMBER_OBJECT_CONVERSION = YES_AGGRESSIVE;
				CLANG_CXX_LANGUAGE_STANDARD = "gnu++20";
				CLANG_ENABLE_MODULES = YES;
				CLANG_ENABLE_OBJC_ARC = YES;
				CLANG_ENABLE_OBJC_WEAK = YES;
				CLANG_WARN_BLOCK_CAPTURE_AUTORELEASING = YES;
				CLANG_WARN_BOOL_CONVERSION = YES;
				CLANG_WARN_COMMA = YES;
				CLANG_WARN_CONSTANT_CONVERSION = YES;
				CLANG_WARN_DEPRECATED_OBJC_IMPLEMENTATIONS = YES;
				CLANG_WARN_DIRECT_OBJC_ISA_USAGE = YES_ERROR;
				CLANG_WARN_DOCUMENTATION_COMMENTS = YES;
				CLANG_WARN_EMPTY_BODY = YES;
				CLANG_WARN_ENUM_CONVERSION = YES;
				CLANG_WARN_INFINITE_RECURSION = YES;
				CLANG_WARN_INT_CONVERSION = YES;
				CLANG_WARN_NON_LITERAL_NULL_CONVERSION = YES;
				CLANG_WARN_OBJC_IMPLICIT_RETAIN_SELF = YES;
				CLANG_WARN_OBJC_LITERAL_CONVERSION = YES;
				CLANG_WARN_OBJC_ROOT_CLASS = YES_ERROR;
				CLANG_WARN_QUOTED_INCLUDE_IN_FRAMEWORK_HEADER = YES;
				CLANG_WARN_RANGE_LOOP_ANALYSIS = YES;
				CLANG_WARN_STRICT_PROTOTYPES = YES;
				CLANG_WARN_SUSPICIOUS_MOVE = YES;
				CLANG_WARN_UNGUARDED_AVAILABILITY = YES_AGGRESSIVE;
				CLANG_WARN_UNREACHABLE_CODE = YES;
				CLANG_WARN__DUPLICATE_METHOD_MATCH = YES;
				COPY_PHASE_STRIP = NO;
				DEBUG_INFORMATION_FORMAT = dwarf;
				ENABLE_STRICT_OBJC_MSGSEND = YES;
				ENABLE_TESTABILITY = YES;
				GCC_C_LANGUAGE_STANDARD = gnu11;
				GCC_DYNAMIC_NO_PIC = NO;
				GCC_NO_COMMON_BLOCKS = YES;
				GCC_OPTIMIZATION_LEVEL = 0;
				GCC_PREPROCESSOR_DEFINITIONS = (
					"DEBUG=1",
					"$(inherited)",
				);
				GCC_WARN_64_TO_32_BIT_CONVERSION = YES;
				GCC_WARN_ABOUT_RETURN_TYPE = YES_ERROR;
				GCC_WARN_UNDECLARED_SELECTOR = YES;
				GCC_WARN_UNINITIALIZED_AUTOS = YES_AGGRESSIVE;
				GCC_WARN_UNUSED_FUNCTION = YES;
				GCC_WARN_UNUSED_VARIABLE = YES;
				MACOSX_DEPLOYMENT_TARGET = 12.3;
				MTL_ENABLE_DEBUG_INFO = INCLUDE_SOURCE;
				MTL_FAST_MATH = YES;
				ONLY_ACTIVE_ARCH = YES;
				SDKROOT = macosx;
				SWIFT_ACTIVE_COMPILATION_CONDITIONS = DEBUG;
				SWIFT_OPTIMIZATION_LEVEL = "-Onone";
			};
			name = Debug;
		};
		AF6CE828292CA3EA008917BC /* Release */ = {
			isa = XCBuildConfiguration;
			buildSettings = {
				ALWAYS_SEARCH_USER_PATHS = NO;
				CLANG_ANALYZER_NONNULL = YES;
				CLANG_ANALYZER_NUMBER_OBJECT_CONVERSION = YES_AGGRESSIVE;
				CLANG_CXX_LANGUAGE_STANDARD = "gnu++20";
				CLANG_ENABLE_MODULES = YES;
				CLANG_ENABLE_OBJC_ARC = YES;
				CLANG_ENABLE_OBJC_WEAK = YES;
				CLANG_WARN_BLOCK_CAPTURE_AUTORELEASING = YES;
				CLANG_WARN_BOOL_CONVERSION = YES;
				CLANG_WARN_COMMA = YES;
				CLANG_WARN_CONSTANT_CONVERSION = YES;
				CLANG_WARN_DEPRECATED_OBJC_IMPLEMENTATIONS = YES;
				CLANG_WARN_DIRECT_OBJC_ISA_USAGE = YES_ERROR;
				CLANG_WARN_DOCUMENTATION_COMMENTS = YES;
				CLANG_WARN_EMPTY_BODY = YES;
				CLANG_WARN_ENUM_CONVERSION = YES;
				CLANG_WARN_INFINITE_RECURSION = YES;
				CLANG_WARN_INT_CONVERSION = YES;
				CLANG_WARN_NON_LITERAL_NULL_CONVERSION = YES;
				CLANG_WARN_OBJC_IMPLICIT_RETAIN_SELF = YES;
				CLANG_WARN_OBJC_LITERAL_CONVERSION = YES;
				CLANG_WARN_OBJC_ROOT_CLASS = YES_ERROR;
				CLANG_WARN_QUOTED_INCLUDE_IN_FRAMEWORK_HEADER = YES;
				CLANG_WARN_RANGE_LOOP_ANALYSIS = YES;
				CLANG_WARN_STRICT_PROTOTYPES = YES;
				CLANG_WARN_SUSPICIOUS_MOVE = YES;
				CLANG_WARN_UNGUARDED_AVAILABILITY = YES_AGGRESSIVE;
				CLANG_WARN_UNREACHABLE_CODE = YES;
				CLANG_WARN__DUPLICATE_METHOD_MATCH = YES;
				COPY_PHASE_STRIP = NO;
				DEBUG_INFORMATION_FORMAT = "dwarf-with-dsym";
				ENABLE_NS_ASSERTIONS = NO;
				ENABLE_STRICT_OBJC_MSGSEND = YES;
				GCC_C_LANGUAGE_STANDARD = gnu11;
				GCC_NO_COMMON_BLOCKS = YES;
				GCC_WARN_64_TO_32_BIT_CONVERSION = YES;
				GCC_WARN_ABOUT_RETURN_TYPE = YES_ERROR;
				GCC_WARN_UNDECLARED_SELECTOR = YES;
				GCC_WARN_UNINITIALIZED_AUTOS = YES_AGGRESSIVE;
				GCC_WARN_UNUSED_FUNCTION = YES;
				GCC_WARN_UNUSED_VARIABLE = YES;
				MACOSX_DEPLOYMENT_TARGET = 12.3;
				MTL_ENABLE_DEBUG_INFO = NO;
				MTL_FAST_MATH = YES;
				SDKROOT = macosx;
				SWIFT_COMPILATION_MODE = wholemodule;
				SWIFT_OPTIMIZATION_LEVEL = "-O";
			};
			name = Release;
		};
		AF6CE82A292CA3EA008917BC /* Debug */ = {
			isa = XCBuildConfiguration;
			buildSettings = {
				CODE_SIGN_STYLE = Automatic;
				DEVELOPMENT_TEAM = SWPBG3YXG5;
				ENABLE_HARDENED_RUNTIME = YES;
				PRODUCT_NAME = "$(TARGET_NAME)";
				SWIFT_VERSION = 5.0;
			};
			name = Debug;
		};
		AF6CE82B292CA3EA008917BC /* Release */ = {
			isa = XCBuildConfiguration;
			buildSettings = {
				CODE_SIGN_STYLE = Automatic;
				DEVELOPMENT_TEAM = SWPBG3YXG5;
				ENABLE_HARDENED_RUNTIME = YES;
				PRODUCT_NAME = "$(TARGET_NAME)";
				SWIFT_VERSION = 5.0;
			};
			name = Release;
		};
/* End XCBuildConfiguration section */

/* Begin XCConfigurationList section */
		AF6CE81D292CA3EA008917BC /* Build configuration list for PBXProject "Decorator-wongbing" */ = {
			isa = XCConfigurationList;
			buildConfigurations = (
				AF6CE827292CA3EA008917BC /* Debug */,
				AF6CE828292CA3EA008917BC /* Release */,
			);
			defaultConfigurationIsVisible = 0;
			defaultConfigurationName = Release;
		};
		AF6CE829292CA3EA008917BC /* Build configuration list for PBXNativeTarget "Decorator-wongbing" */ = {
			isa = XCConfigurationList;
			buildConfigurations = (
				AF6CE82A292CA3EA008917BC /* Debug */,
				AF6CE82B292CA3EA008917BC /* Release */,
			);
			defaultConfigurationIsVisible = 0;
			defaultConfigurationName = Release;
		};
/* End XCConfigurationList section */
	};
	rootObject = AF6CE81A292CA3EA008917BC /* Project object */;
}
