// !$*UTF8*$!
{
	archiveVersion = 1;
	classes = {
	};
	objectVersion = 56;
	objects = {

/* Begin PBXBuildFile section */
		AF668B0F28F8C38900B44289 /* AppDelegate.swift in Sources */ = {isa = PBXBuildFile; fileRef = AF668B0E28F8C38900B44289 /* AppDelegate.swift */; };
		AF668B1128F8C38900B44289 /* SceneDelegate.swift in Sources */ = {isa = PBXBuildFile; fileRef = AF668B1028F8C38900B44289 /* SceneDelegate.swift */; };
		AF668B1328F8C38900B44289 /* ViewController.swift in Sources */ = {isa = PBXBuildFile; fileRef = AF668B1228F8C38900B44289 /* ViewController.swift */; };
		AF668B1828F8C38A00B44289 /* Assets.xcassets in Resources */ = {isa = PBXBuildFile; fileRef = AF668B1728F8C38A00B44289 /* Assets.xcassets */; };
		AF668B1B28F8C38A00B44289 /* LaunchScreen.storyboard in Resources */ = {isa = PBXBuildFile; fileRef = AF668B1928F8C38A00B44289 /* LaunchScreen.storyboard */; };
		AFF72EB828FF74C200B5DD59 /* LabelBuilder.swift in Sources */ = {isa = PBXBuildFile; fileRef = AFF72EB728FF74C200B5DD59 /* LabelBuilder.swift */; };
		AFF72EBA28FF76EF00B5DD59 /* ButtonBuilder.swift in Sources */ = {isa = PBXBuildFile; fileRef = AFF72EB928FF76EF00B5DD59 /* ButtonBuilder.swift */; };
		AFF72EBC28FF780700B5DD59 /* Protocols.swift in Sources */ = {isa = PBXBuildFile; fileRef = AFF72EBB28FF780700B5DD59 /* Protocols.swift */; };
		AFF72EBF28FF873E00B5DD59 /* AlertBuilder.swift in Sources */ = {isa = PBXBuildFile; fileRef = AFF72EBE28FF873E00B5DD59 /* AlertBuilder.swift */; };
/* End PBXBuildFile section */

/* Begin PBXFileReference section */
		AF668B0B28F8C38900B44289 /* Builder-Wongbing.app */ = {isa = PBXFileReference; explicitFileType = wrapper.application; includeInIndex = 0; path = "Builder-Wongbing.app"; sourceTree = BUILT_PRODUCTS_DIR; };
		AF668B0E28F8C38900B44289 /* AppDelegate.swift */ = {isa = PBXFileReference; lastKnownFileType = sourcecode.swift; path = AppDelegate.swift; sourceTree = "<group>"; };
		AF668B1028F8C38900B44289 /* SceneDelegate.swift */ = {isa = PBXFileReference; lastKnownFileType = sourcecode.swift; path = SceneDelegate.swift; sourceTree = "<group>"; };
		AF668B1228F8C38900B44289 /* ViewController.swift */ = {isa = PBXFileReference; lastKnownFileType = sourcecode.swift; path = ViewController.swift; sourceTree = "<group>"; };
		AF668B1728F8C38A00B44289 /* Assets.xcassets */ = {isa = PBXFileReference; lastKnownFileType = folder.assetcatalog; path = Assets.xcassets; sourceTree = "<group>"; };
		AF668B1A28F8C38A00B44289 /* Base */ = {isa = PBXFileReference; lastKnownFileType = file.storyboard; name = Base; path = Base.lproj/LaunchScreen.storyboard; sourceTree = "<group>"; };
		AF668B1C28F8C38A00B44289 /* Info.plist */ = {isa = PBXFileReference; lastKnownFileType = text.plist.xml; path = Info.plist; sourceTree = "<group>"; };
		AFF72EB728FF74C200B5DD59 /* LabelBuilder.swift */ = {isa = PBXFileReference; lastKnownFileType = sourcecode.swift; path = LabelBuilder.swift; sourceTree = "<group>"; };
		AFF72EB928FF76EF00B5DD59 /* ButtonBuilder.swift */ = {isa = PBXFileReference; lastKnownFileType = sourcecode.swift; path = ButtonBuilder.swift; sourceTree = "<group>"; };
		AFF72EBB28FF780700B5DD59 /* Protocols.swift */ = {isa = PBXFileReference; lastKnownFileType = sourcecode.swift; path = Protocols.swift; sourceTree = "<group>"; };
		AFF72EBE28FF873E00B5DD59 /* AlertBuilder.swift */ = {isa = PBXFileReference; lastKnownFileType = sourcecode.swift; path = AlertBuilder.swift; sourceTree = "<group>"; };
/* End PBXFileReference section */

/* Begin PBXFrameworksBuildPhase section */
		AF668B0828F8C38900B44289 /* Frameworks */ = {
			isa = PBXFrameworksBuildPhase;
			buildActionMask = 2147483647;
			files = (
			);
			runOnlyForDeploymentPostprocessing = 0;
		};
/* End PBXFrameworksBuildPhase section */

/* Begin PBXGroup section */
		AF668B0228F8C38900B44289 = {
			isa = PBXGroup;
			children = (
				AF668B0D28F8C38900B44289 /* Builder-Wongbing */,
				AF668B0C28F8C38900B44289 /* Products */,
			);
			sourceTree = "<group>";
		};
		AF668B0C28F8C38900B44289 /* Products */ = {
			isa = PBXGroup;
			children = (
				AF668B0B28F8C38900B44289 /* Builder-Wongbing.app */,
			);
			name = Products;
			sourceTree = "<group>";
		};
		AF668B0D28F8C38900B44289 /* Builder-Wongbing */ = {
			isa = PBXGroup;
			children = (
				AF668B0E28F8C38900B44289 /* AppDelegate.swift */,
				AF668B1028F8C38900B44289 /* SceneDelegate.swift */,
				AF668B1228F8C38900B44289 /* ViewController.swift */,
				AFF72EBD28FF7BDD00B5DD59 /* Builder */,
				AF668B1728F8C38A00B44289 /* Assets.xcassets */,
				AF668B1928F8C38A00B44289 /* LaunchScreen.storyboard */,
				AF668B1C28F8C38A00B44289 /* Info.plist */,
			);
			path = "Builder-Wongbing";
			sourceTree = "<group>";
		};
		AFF72EBD28FF7BDD00B5DD59 /* Builder */ = {
			isa = PBXGroup;
			children = (
				AFF72EB728FF74C200B5DD59 /* LabelBuilder.swift */,
				AFF72EBE28FF873E00B5DD59 /* AlertBuilder.swift */,
				AFF72EB928FF76EF00B5DD59 /* ButtonBuilder.swift */,
				AFF72EBB28FF780700B5DD59 /* Protocols.swift */,
			);
			path = Builder;
			sourceTree = "<group>";
		};
/* End PBXGroup section */

/* Begin PBXNativeTarget section */
		AF668B0A28F8C38900B44289 /* Builder-Wongbing */ = {
			isa = PBXNativeTarget;
			buildConfigurationList = AF668B1F28F8C38A00B44289 /* Build configuration list for PBXNativeTarget "Builder-Wongbing" */;
			buildPhases = (
				AF668B0728F8C38900B44289 /* Sources */,
				AF668B0828F8C38900B44289 /* Frameworks */,
				AF668B0928F8C38900B44289 /* Resources */,
			);
			buildRules = (
			);
			dependencies = (
			);
			name = "Builder-Wongbing";
			productName = "Builder-Wongbing";
			productReference = AF668B0B28F8C38900B44289 /* Builder-Wongbing.app */;
			productType = "com.apple.product-type.application";
		};
/* End PBXNativeTarget section */

/* Begin PBXProject section */
		AF668B0328F8C38900B44289 /* Project object */ = {
			isa = PBXProject;
			attributes = {
				BuildIndependentTargetsInParallel = 1;
				LastSwiftUpdateCheck = 1400;
				LastUpgradeCheck = 1400;
				TargetAttributes = {
					AF668B0A28F8C38900B44289 = {
						CreatedOnToolsVersion = 14.0.1;
					};
				};
			};
			buildConfigurationList = AF668B0628F8C38900B44289 /* Build configuration list for PBXProject "Builder-Wongbing" */;
			compatibilityVersion = "Xcode 14.0";
			developmentRegion = en;
			hasScannedForEncodings = 0;
			knownRegions = (
				en,
				Base,
			);
			mainGroup = AF668B0228F8C38900B44289;
			productRefGroup = AF668B0C28F8C38900B44289 /* Products */;
			projectDirPath = "";
			projectRoot = "";
			targets = (
				AF668B0A28F8C38900B44289 /* Builder-Wongbing */,
			);
		};
/* End PBXProject section */

/* Begin PBXResourcesBuildPhase section */
		AF668B0928F8C38900B44289 /* Resources */ = {
			isa = PBXResourcesBuildPhase;
			buildActionMask = 2147483647;
			files = (
				AF668B1B28F8C38A00B44289 /* LaunchScreen.storyboard in Resources */,
				AF668B1828F8C38A00B44289 /* Assets.xcassets in Resources */,
			);
			runOnlyForDeploymentPostprocessing = 0;
		};
/* End PBXResourcesBuildPhase section */

/* Begin PBXSourcesBuildPhase section */
		AF668B0728F8C38900B44289 /* Sources */ = {
			isa = PBXSourcesBuildPhase;
			buildActionMask = 2147483647;
			files = (
				AFF72EB828FF74C200B5DD59 /* LabelBuilder.swift in Sources */,
				AF668B1328F8C38900B44289 /* ViewController.swift in Sources */,
				AFF72EBA28FF76EF00B5DD59 /* ButtonBuilder.swift in Sources */,
				AFF72EBC28FF780700B5DD59 /* Protocols.swift in Sources */,
				AF668B0F28F8C38900B44289 /* AppDelegate.swift in Sources */,
				AFF72EBF28FF873E00B5DD59 /* AlertBuilder.swift in Sources */,
				AF668B1128F8C38900B44289 /* SceneDelegate.swift in Sources */,
			);
			runOnlyForDeploymentPostprocessing = 0;
		};
/* End PBXSourcesBuildPhase section */

/* Begin PBXVariantGroup section */
		AF668B1928F8C38A00B44289 /* LaunchScreen.storyboard */ = {
			isa = PBXVariantGroup;
			children = (
				AF668B1A28F8C38A00B44289 /* Base */,
			);
			name = LaunchScreen.storyboard;
			sourceTree = "<group>";
		};
/* End PBXVariantGroup section */

/* Begin XCBuildConfiguration section */
		AF668B1D28F8C38A00B44289 /* Debug */ = {
			isa = XCBuildConfiguration;
			buildSettings = {
				ALWAYS_SEARCH_USER_PATHS = NO;
				CLANG_ANALYZER_NONNULL = YES;
				CLANG_ANALYZER_NUMBER_OBJECT_CONVERSION = YES_AGGRESSIVE;
				CLANG_CXX_LANGUAGE_STANDARD = "gnu++20";
				CLANG_ENABLE_MODULES = YES;
				CLANG_ENABLE_OBJC_ARC = YES;
				CLANG_ENABLE_OBJC_WEAK = YES;
				CLANG_WARN_BLOCK_CAPTURE_AUTORELEASING = YES;
				CLANG_WARN_BOOL_CONVERSION = YES;
				CLANG_WARN_COMMA = YES;
				CLANG_WARN_CONSTANT_CONVERSION = YES;
				CLANG_WARN_DEPRECATED_OBJC_IMPLEMENTATIONS = YES;
				CLANG_WARN_DIRECT_OBJC_ISA_USAGE = YES_ERROR;
				CLANG_WARN_DOCUMENTATION_COMMENTS = YES;
				CLANG_WARN_EMPTY_BODY = YES;
				CLANG_WARN_ENUM_CONVERSION = YES;
				CLANG_WARN_INFINITE_RECURSION = YES;
				CLANG_WARN_INT_CONVERSION = YES;
				CLANG_WARN_NON_LITERAL_NULL_CONVERSION = YES;
				CLANG_WARN_OBJC_IMPLICIT_RETAIN_SELF = YES;
				CLANG_WARN_OBJC_LITERAL_CONVERSION = YES;
				CLANG_WARN_OBJC_ROOT_CLASS = YES_ERROR;
				CLANG_WARN_QUOTED_INCLUDE_IN_FRAMEWORK_HEADER = YES;
				CLANG_WARN_RANGE_LOOP_ANALYSIS = YES;
				CLANG_WARN_STRICT_PROTOTYPES = YES;
				CLANG_WARN_SUSPICIOUS_MOVE = YES;
				CLANG_WARN_UNGUARDED_AVAILABILITY = YES_AGGRESSIVE;
				CLANG_WARN_UNREACHABLE_CODE = YES;
				CLANG_WARN__DUPLICATE_METHOD_MATCH = YES;
				COPY_PHASE_STRIP = NO;
				DEBUG_INFORMATION_FORMAT = dwarf;
				ENABLE_STRICT_OBJC_MSGSEND = YES;
				ENABLE_TESTABILITY = YES;
				GCC_C_LANGUAGE_STANDARD = gnu11;
				GCC_DYNAMIC_NO_PIC = NO;
				GCC_NO_COMMON_BLOCKS = YES;
				GCC_OPTIMIZATION_LEVEL = 0;
				GCC_PREPROCESSOR_DEFINITIONS = (
					"DEBUG=1",
					"$(inherited)",
				);
				GCC_WARN_64_TO_32_BIT_CONVERSION = YES;
				GCC_WARN_ABOUT_RETURN_TYPE = YES_ERROR;
				GCC_WARN_UNDECLARED_SELECTOR = YES;
				GCC_WARN_UNINITIALIZED_AUTOS = YES_AGGRESSIVE;
				GCC_WARN_UNUSED_FUNCTION = YES;
				GCC_WARN_UNUSED_VARIABLE = YES;
				IPHONEOS_DEPLOYMENT_TARGET = 16.0;
				MTL_ENABLE_DEBUG_INFO = INCLUDE_SOURCE;
				MTL_FAST_MATH = YES;
				ONLY_ACTIVE_ARCH = YES;
				SDKROOT = iphoneos;
				SWIFT_ACTIVE_COMPILATION_CONDITIONS = DEBUG;
				SWIFT_OPTIMIZATION_LEVEL = "-Onone";
			};
			name = Debug;
		};
		AF668B1E28F8C38A00B44289 /* Release */ = {
			isa = XCBuildConfiguration;
			buildSettings = {
				ALWAYS_SEARCH_USER_PATHS = NO;
				CLANG_ANALYZER_NONNULL = YES;
				CLANG_ANALYZER_NUMBER_OBJECT_CONVERSION = YES_AGGRESSIVE;
				CLANG_CXX_LANGUAGE_STANDARD = "gnu++20";
				CLANG_ENABLE_MODULES = YES;
				CLANG_ENABLE_OBJC_ARC = YES;
				CLANG_ENABLE_OBJC_WEAK = YES;
				CLANG_WARN_BLOCK_CAPTURE_AUTORELEASING = YES;
				CLANG_WARN_BOOL_CONVERSION = YES;
				CLANG_WARN_COMMA = YES;
				CLANG_WARN_CONSTANT_CONVERSION = YES;
				CLANG_WARN_DEPRECATED_OBJC_IMPLEMENTATIONS = YES;
				CLANG_WARN_DIRECT_OBJC_ISA_USAGE = YES_ERROR;
				CLANG_WARN_DOCUMENTATION_COMMENTS = YES;
				CLANG_WARN_EMPTY_BODY = YES;
				CLANG_WARN_ENUM_CONVERSION = YES;
				CLANG_WARN_INFINITE_RECURSION = YES;
				CLANG_WARN_INT_CONVERSION = YES;
				CLANG_WARN_NON_LITERAL_NULL_CONVERSION = YES;
				CLANG_WARN_OBJC_IMPLICIT_RETAIN_SELF = YES;
				CLANG_WARN_OBJC_LITERAL_CONVERSION = YES;
				CLANG_WARN_OBJC_ROOT_CLASS = YES_ERROR;
				CLANG_WARN_QUOTED_INCLUDE_IN_FRAMEWORK_HEADER = YES;
				CLANG_WARN_RANGE_LOOP_ANALYSIS = YES;
				CLANG_WARN_STRICT_PROTOTYPES = YES;
				CLANG_WARN_SUSPICIOUS_MOVE = YES;
				CLANG_WARN_UNGUARDED_AVAILABILITY = YES_AGGRESSIVE;
				CLANG_WARN_UNREACHABLE_CODE = YES;
				CLANG_WARN__DUPLICATE_METHOD_MATCH = YES;
				COPY_PHASE_STRIP = NO;
				DEBUG_INFORMATION_FORMAT = "dwarf-with-dsym";
				ENABLE_NS_ASSERTIONS = NO;
				ENABLE_STRICT_OBJC_MSGSEND = YES;
				GCC_C_LANGUAGE_STANDARD = gnu11;
				GCC_NO_COMMON_BLOCKS = YES;
				GCC_WARN_64_TO_32_BIT_CONVERSION = YES;
				GCC_WARN_ABOUT_RETURN_TYPE = YES_ERROR;
				GCC_WARN_UNDECLARED_SELECTOR = YES;
				GCC_WARN_UNINITIALIZED_AUTOS = YES_AGGRESSIVE;
				GCC_WARN_UNUSED_FUNCTION = YES;
				GCC_WARN_UNUSED_VARIABLE = YES;
				IPHONEOS_DEPLOYMENT_TARGET = 16.0;
				MTL_ENABLE_DEBUG_INFO = NO;
				MTL_FAST_MATH = YES;
				SDKROOT = iphoneos;
				SWIFT_COMPILATION_MODE = wholemodule;
				SWIFT_OPTIMIZATION_LEVEL = "-O";
				VALIDATE_PRODUCT = YES;
			};
			name = Release;
		};
		AF668B2028F8C38A00B44289 /* Debug */ = {
			isa = XCBuildConfiguration;
			buildSettings = {
				ASSETCATALOG_COMPILER_APPICON_NAME = AppIcon;
				ASSETCATALOG_COMPILER_GLOBAL_ACCENT_COLOR_NAME = AccentColor;
				CODE_SIGN_STYLE = Automatic;
				CURRENT_PROJECT_VERSION = 1;
				DEVELOPMENT_TEAM = SWPBG3YXG5;
				GENERATE_INFOPLIST_FILE = YES;
				INFOPLIST_FILE = "Builder-Wongbing/Info.plist";
				INFOPLIST_KEY_UIApplicationSupportsIndirectInputEvents = YES;
				INFOPLIST_KEY_UILaunchStoryboardName = LaunchScreen;
				INFOPLIST_KEY_UISupportedInterfaceOrientations_iPad = "UIInterfaceOrientationPortrait UIInterfaceOrientationPortraitUpsideDown UIInterfaceOrientationLandscapeLeft UIInterfaceOrientationLandscapeRight";
				INFOPLIST_KEY_UISupportedInterfaceOrientations_iPhone = "UIInterfaceOrientationPortrait UIInterfaceOrientationLandscapeLeft UIInterfaceOrientationLandscapeRight";
				LD_RUNPATH_SEARCH_PATHS = (
					"$(inherited)",
					"@executable_path/Frameworks",
				);
				MARKETING_VERSION = 1.0;
				PRODUCT_BUNDLE_IDENTIFIER = "com.wonbeen.Builder-Wongbing";
				PRODUCT_NAME = "$(TARGET_NAME)";
				SWIFT_EMIT_LOC_STRINGS = YES;
				SWIFT_VERSION = 5.0;
				TARGETED_DEVICE_FAMILY = "1,2";
			};
			name = Debug;
		};
		AF668B2128F8C38A00B44289 /* Release */ = {
			isa = XCBuildConfiguration;
			buildSettings = {
				ASSETCATALOG_COMPILER_APPICON_NAME = AppIcon;
				ASSETCATALOG_COMPILER_GLOBAL_ACCENT_COLOR_NAME = AccentColor;
				CODE_SIGN_STYLE = Automatic;
				CURRENT_PROJECT_VERSION = 1;
				DEVELOPMENT_TEAM = SWPBG3YXG5;
				GENERATE_INFOPLIST_FILE = YES;
				INFOPLIST_FILE = "Builder-Wongbing/Info.plist";
				INFOPLIST_KEY_UIApplicationSupportsIndirectInputEvents = YES;
				INFOPLIST_KEY_UILaunchStoryboardName = LaunchScreen;
				INFOPLIST_KEY_UISupportedInterfaceOrientations_iPad = "UIInterfaceOrientationPortrait UIInterfaceOrientationPortraitUpsideDown UIInterfaceOrientationLandscapeLeft UIInterfaceOrientationLandscapeRight";
				INFOPLIST_KEY_UISupportedInterfaceOrientations_iPhone = "UIInterfaceOrientationPortrait UIInterfaceOrientationLandscapeLeft UIInterfaceOrientationLandscapeRight";
				LD_RUNPATH_SEARCH_PATHS = (
					"$(inherited)",
					"@executable_path/Frameworks",
				);
				MARKETING_VERSION = 1.0;
				PRODUCT_BUNDLE_IDENTIFIER = "com.wonbeen.Builder-Wongbing";
				PRODUCT_NAME = "$(TARGET_NAME)";
				SWIFT_EMIT_LOC_STRINGS = YES;
				SWIFT_VERSION = 5.0;
				TARGETED_DEVICE_FAMILY = "1,2";
			};
			name = Release;
		};
/* End XCBuildConfiguration section */

/* Begin XCConfigurationList section */
		AF668B0628F8C38900B44289 /* Build configuration list for PBXProject "Builder-Wongbing" */ = {
			isa = XCConfigurationList;
			buildConfigurations = (
				AF668B1D28F8C38A00B44289 /* Debug */,
				AF668B1E28F8C38A00B44289 /* Release */,
			);
			defaultConfigurationIsVisible = 0;
			defaultConfigurationName = Release;
		};
		AF668B1F28F8C38A00B44289 /* Build configuration list for PBXNativeTarget "Builder-Wongbing" */ = {
			isa = XCConfigurationList;
			buildConfigurations = (
				AF668B2028F8C38A00B44289 /* Debug */,
				AF668B2128F8C38A00B44289 /* Release */,
			);
			defaultConfigurationIsVisible = 0;
			defaultConfigurationName = Release;
		};
/* End XCConfigurationList section */
	};
	rootObject = AF668B0328F8C38900B44289 /* Project object */;
}
