// !$*UTF8*$!
{
	archiveVersion = 1;
	classes = {
	};
	objectVersion = 56;
	objects = {

/* Begin PBXBuildFile section */
		FD0AFBF92924D383007276B2 /* Strategy_MinssonApp.swift in Sources */ = {isa = PBXBuildFile; fileRef = FD0AFBF82924D383007276B2 /* Strategy_MinssonApp.swift */; };
		FD0AFBFB2924D383007276B2 /* ContentView.swift in Sources */ = {isa = PBXBuildFile; fileRef = FD0AFBFA2924D383007276B2 /* ContentView.swift */; };
		FD0AFBFD2924D383007276B2 /* Assets.xcassets in Resources */ = {isa = PBXBuildFile; fileRef = FD0AFBFC2924D383007276B2 /* Assets.xcassets */; };
		FD0AFC002924D383007276B2 /* Preview Assets.xcassets in Resources */ = {isa = PBXBuildFile; fileRef = FD0AFBFF2924D383007276B2 /* Preview Assets.xcassets */; };
		FD0AFC072924D55E007276B2 /* TransportationSelectionButtonView.swift in Sources */ = {isa = PBXBuildFile; fileRef = FD0AFC062924D55E007276B2 /* TransportationSelectionButtonView.swift */; };
		FD0AFC092924E812007276B2 /* Strategy.swift in Sources */ = {isa = PBXBuildFile; fileRef = FD0AFC082924E812007276B2 /* Strategy.swift */; };
		FD0AFC0D292586E5007276B2 /* Transportation.swift in Sources */ = {isa = PBXBuildFile; fileRef = FD0AFC0C292586E5007276B2 /* Transportation.swift */; };
/* End PBXBuildFile section */

/* Begin PBXFileReference section */
		FD0AFBF52924D383007276B2 /* Strategy-Minsson.app */ = {isa = PBXFileReference; explicitFileType = wrapper.application; includeInIndex = 0; path = "Strategy-Minsson.app"; sourceTree = BUILT_PRODUCTS_DIR; };
		FD0AFBF82924D383007276B2 /* Strategy_MinssonApp.swift */ = {isa = PBXFileReference; lastKnownFileType = sourcecode.swift; path = Strategy_MinssonApp.swift; sourceTree = "<group>"; };
		FD0AFBFA2924D383007276B2 /* ContentView.swift */ = {isa = PBXFileReference; lastKnownFileType = sourcecode.swift; path = ContentView.swift; sourceTree = "<group>"; };
		FD0AFBFC2924D383007276B2 /* Assets.xcassets */ = {isa = PBXFileReference; lastKnownFileType = folder.assetcatalog; path = Assets.xcassets; sourceTree = "<group>"; };
		FD0AFBFF2924D383007276B2 /* Preview Assets.xcassets */ = {isa = PBXFileReference; lastKnownFileType = folder.assetcatalog; path = "Preview Assets.xcassets"; sourceTree = "<group>"; };
		FD0AFC062924D55E007276B2 /* TransportationSelectionButtonView.swift */ = {isa = PBXFileReference; lastKnownFileType = sourcecode.swift; path = TransportationSelectionButtonView.swift; sourceTree = "<group>"; };
		FD0AFC082924E812007276B2 /* Strategy.swift */ = {isa = PBXFileReference; lastKnownFileType = sourcecode.swift; path = Strategy.swift; sourceTree = "<group>"; };
		FD0AFC0C292586E5007276B2 /* Transportation.swift */ = {isa = PBXFileReference; lastKnownFileType = sourcecode.swift; path = Transportation.swift; sourceTree = "<group>"; };
/* End PBXFileReference section */

/* Begin PBXFrameworksBuildPhase section */
		FD0AFBF22924D383007276B2 /* Frameworks */ = {
			isa = PBXFrameworksBuildPhase;
			buildActionMask = 2147483647;
			files = (
			);
			runOnlyForDeploymentPostprocessing = 0;
		};
/* End PBXFrameworksBuildPhase section */

/* Begin PBXGroup section */
		FD0AFBEC2924D383007276B2 = {
			isa = PBXGroup;
			children = (
				FD0AFBF72924D383007276B2 /* Strategy-Minsson */,
				FD0AFBF62924D383007276B2 /* Products */,
			);
			sourceTree = "<group>";
		};
		FD0AFBF62924D383007276B2 /* Products */ = {
			isa = PBXGroup;
			children = (
				FD0AFBF52924D383007276B2 /* Strategy-Minsson.app */,
			);
			name = Products;
			sourceTree = "<group>";
		};
		FD0AFBF72924D383007276B2 /* Strategy-Minsson */ = {
			isa = PBXGroup;
			children = (
				FD0AFBF82924D383007276B2 /* Strategy_MinssonApp.swift */,
				FD0AFBFA2924D383007276B2 /* ContentView.swift */,
				FD0AFC062924D55E007276B2 /* TransportationSelectionButtonView.swift */,
				FD0AFC082924E812007276B2 /* Strategy.swift */,
				FD0AFC0C292586E5007276B2 /* Transportation.swift */,
				FD0AFBFC2924D383007276B2 /* Assets.xcassets */,
				FD0AFBFE2924D383007276B2 /* Preview Content */,
			);
			path = "Strategy-Minsson";
			sourceTree = "<group>";
		};
		FD0AFBFE2924D383007276B2 /* Preview Content */ = {
			isa = PBXGroup;
			children = (
				FD0AFBFF2924D383007276B2 /* Preview Assets.xcassets */,
			);
			path = "Preview Content";
			sourceTree = "<group>";
		};
/* End PBXGroup section */

/* Begin PBXNativeTarget section */
		FD0AFBF42924D383007276B2 /* Strategy-Minsson */ = {
			isa = PBXNativeTarget;
			buildConfigurationList = FD0AFC032924D383007276B2 /* Build configuration list for PBXNativeTarget "Strategy-Minsson" */;
			buildPhases = (
				FD0AFBF12924D383007276B2 /* Sources */,
				FD0AFBF22924D383007276B2 /* Frameworks */,
				FD0AFBF32924D383007276B2 /* Resources */,
			);
			buildRules = (
			);
			dependencies = (
			);
			name = "Strategy-Minsson";
			productName = "Strategy-Minsson";
			productReference = FD0AFBF52924D383007276B2 /* Strategy-Minsson.app */;
			productType = "com.apple.product-type.application";
		};
/* End PBXNativeTarget section */

/* Begin PBXProject section */
		FD0AFBED2924D383007276B2 /* Project object */ = {
			isa = PBXProject;
			attributes = {
				BuildIndependentTargetsInParallel = 1;
				LastSwiftUpdateCheck = 1410;
				LastUpgradeCheck = 1410;
				TargetAttributes = {
					FD0AFBF42924D383007276B2 = {
						CreatedOnToolsVersion = 14.1;
					};
				};
			};
			buildConfigurationList = FD0AFBF02924D383007276B2 /* Build configuration list for PBXProject "Strategy-Minsson" */;
			compatibilityVersion = "Xcode 14.0";
			developmentRegion = en;
			hasScannedForEncodings = 0;
			knownRegions = (
				en,
				Base,
			);
			mainGroup = FD0AFBEC2924D383007276B2;
			productRefGroup = FD0AFBF62924D383007276B2 /* Products */;
			projectDirPath = "";
			projectRoot = "";
			targets = (
				FD0AFBF42924D383007276B2 /* Strategy-Minsson */,
			);
		};
/* End PBXProject section */

/* Begin PBXResourcesBuildPhase section */
		FD0AFBF32924D383007276B2 /* Resources */ = {
			isa = PBXResourcesBuildPhase;
			buildActionMask = 2147483647;
			files = (
				FD0AFC002924D383007276B2 /* Preview Assets.xcassets in Resources */,
				FD0AFBFD2924D383007276B2 /* Assets.xcassets in Resources */,
			);
			runOnlyForDeploymentPostprocessing = 0;
		};
/* End PBXResourcesBuildPhase section */

/* Begin PBXSourcesBuildPhase section */
		FD0AFBF12924D383007276B2 /* Sources */ = {
			isa = PBXSourcesBuildPhase;
			buildActionMask = 2147483647;
			files = (
				FD0AFBFB2924D383007276B2 /* ContentView.swift in Sources */,
				FD0AFBF92924D383007276B2 /* Strategy_MinssonApp.swift in Sources */,
				FD0AFC0D292586E5007276B2 /* Transportation.swift in Sources */,
				FD0AFC072924D55E007276B2 /* TransportationSelectionButtonView.swift in Sources */,
				FD0AFC092924E812007276B2 /* Strategy.swift in Sources */,
			);
			runOnlyForDeploymentPostprocessing = 0;
		};
/* End PBXSourcesBuildPhase section */

/* Begin XCBuildConfiguration section */
		FD0AFC012924D383007276B2 /* Debug */ = {
			isa = XCBuildConfiguration;
			buildSettings = {
				ALWAYS_SEARCH_USER_PATHS = NO;
				CLANG_ANALYZER_NONNULL = YES;
				CLANG_ANALYZER_NUMBER_OBJECT_CONVERSION = YES_AGGRESSIVE;
				CLANG_CXX_LANGUAGE_STANDARD = "gnu++20";
				CLANG_ENABLE_MODULES = YES;
				CLANG_ENABLE_OBJC_ARC = YES;
				CLANG_ENABLE_OBJC_WEAK = YES;
				CLANG_WARN_BLOCK_CAPTURE_AUTORELEASING = YES;
				CLANG_WARN_BOOL_CONVERSION = YES;
				CLANG_WARN_COMMA = YES;
				CLANG_WARN_CONSTANT_CONVERSION = YES;
				CLANG_WARN_DEPRECATED_OBJC_IMPLEMENTATIONS = YES;
				CLANG_WARN_DIRECT_OBJC_ISA_USAGE = YES_ERROR;
				CLANG_WARN_DOCUMENTATION_COMMENTS = YES;
				CLANG_WARN_EMPTY_BODY = YES;
				CLANG_WARN_ENUM_CONVERSION = YES;
				CLANG_WARN_INFINITE_RECURSION = YES;
				CLANG_WARN_INT_CONVERSION = YES;
				CLANG_WARN_NON_LITERAL_NULL_CONVERSION = YES;
				CLANG_WARN_OBJC_IMPLICIT_RETAIN_SELF = YES;
				CLANG_WARN_OBJC_LITERAL_CONVERSION = YES;
				CLANG_WARN_OBJC_ROOT_CLASS = YES_ERROR;
				CLANG_WARN_QUOTED_INCLUDE_IN_FRAMEWORK_HEADER = YES;
				CLANG_WARN_RANGE_LOOP_ANALYSIS = YES;
				CLANG_WARN_STRICT_PROTOTYPES = YES;
				CLANG_WARN_SUSPICIOUS_MOVE = YES;
				CLANG_WARN_UNGUARDED_AVAILABILITY = YES_AGGRESSIVE;
				CLANG_WARN_UNREACHABLE_CODE = YES;
				CLANG_WARN__DUPLICATE_METHOD_MATCH = YES;
				COPY_PHASE_STRIP = NO;
				DEBUG_INFORMATION_FORMAT = dwarf;
				ENABLE_STRICT_OBJC_MSGSEND = YES;
				ENABLE_TESTABILITY = YES;
				GCC_C_LANGUAGE_STANDARD = gnu11;
				GCC_DYNAMIC_NO_PIC = NO;
				GCC_NO_COMMON_BLOCKS = YES;
				GCC_OPTIMIZATION_LEVEL = 0;
				GCC_PREPROCESSOR_DEFINITIONS = (
					"DEBUG=1",
					"$(inherited)",
				);
				GCC_WARN_64_TO_32_BIT_CONVERSION = YES;
				GCC_WARN_ABOUT_RETURN_TYPE = YES_ERROR;
				GCC_WARN_UNDECLARED_SELECTOR = YES;
				GCC_WARN_UNINITIALIZED_AUTOS = YES_AGGRESSIVE;
				GCC_WARN_UNUSED_FUNCTION = YES;
				GCC_WARN_UNUSED_VARIABLE = YES;
				IPHONEOS_DEPLOYMENT_TARGET = 16.1;
				MTL_ENABLE_DEBUG_INFO = INCLUDE_SOURCE;
				MTL_FAST_MATH = YES;
				ONLY_ACTIVE_ARCH = YES;
				SDKROOT = iphoneos;
				SWIFT_ACTIVE_COMPILATION_CONDITIONS = DEBUG;
				SWIFT_OPTIMIZATION_LEVEL = "-Onone";
			};
			name = Debug;
		};
		FD0AFC022924D383007276B2 /* Release */ = {
			isa = XCBuildConfiguration;
			buildSettings = {
				ALWAYS_SEARCH_USER_PATHS = NO;
				CLANG_ANALYZER_NONNULL = YES;
				CLANG_ANALYZER_NUMBER_OBJECT_CONVERSION = YES_AGGRESSIVE;
				CLANG_CXX_LANGUAGE_STANDARD = "gnu++20";
				CLANG_ENABLE_MODULES = YES;
				CLANG_ENABLE_OBJC_ARC = YES;
				CLANG_ENABLE_OBJC_WEAK = YES;
				CLANG_WARN_BLOCK_CAPTURE_AUTORELEASING = YES;
				CLANG_WARN_BOOL_CONVERSION = YES;
				CLANG_WARN_COMMA = YES;
				CLANG_WARN_CONSTANT_CONVERSION = YES;
				CLANG_WARN_DEPRECATED_OBJC_IMPLEMENTATIONS = YES;
				CLANG_WARN_DIRECT_OBJC_ISA_USAGE = YES_ERROR;
				CLANG_WARN_DOCUMENTATION_COMMENTS = YES;
				CLANG_WARN_EMPTY_BODY = YES;
				CLANG_WARN_ENUM_CONVERSION = YES;
				CLANG_WARN_INFINITE_RECURSION = YES;
				CLANG_WARN_INT_CONVERSION = YES;
				CLANG_WARN_NON_LITERAL_NULL_CONVERSION = YES;
				CLANG_WARN_OBJC_IMPLICIT_RETAIN_SELF = YES;
				CLANG_WARN_OBJC_LITERAL_CONVERSION = YES;
				CLANG_WARN_OBJC_ROOT_CLASS = YES_ERROR;
				CLANG_WARN_QUOTED_INCLUDE_IN_FRAMEWORK_HEADER = YES;
				CLANG_WARN_RANGE_LOOP_ANALYSIS = YES;
				CLANG_WARN_STRICT_PROTOTYPES = YES;
				CLANG_WARN_SUSPICIOUS_MOVE = YES;
				CLANG_WARN_UNGUARDED_AVAILABILITY = YES_AGGRESSIVE;
				CLANG_WARN_UNREACHABLE_CODE = YES;
				CLANG_WARN__DUPLICATE_METHOD_MATCH = YES;
				COPY_PHASE_STRIP = NO;
				DEBUG_INFORMATION_FORMAT = "dwarf-with-dsym";
				ENABLE_NS_ASSERTIONS = NO;
				ENABLE_STRICT_OBJC_MSGSEND = YES;
				GCC_C_LANGUAGE_STANDARD = gnu11;
				GCC_NO_COMMON_BLOCKS = YES;
				GCC_WARN_64_TO_32_BIT_CONVERSION = YES;
				GCC_WARN_ABOUT_RETURN_TYPE = YES_ERROR;
				GCC_WARN_UNDECLARED_SELECTOR = YES;
				GCC_WARN_UNINITIALIZED_AUTOS = YES_AGGRESSIVE;
				GCC_WARN_UNUSED_FUNCTION = YES;
				GCC_WARN_UNUSED_VARIABLE = YES;
				IPHONEOS_DEPLOYMENT_TARGET = 16.1;
				MTL_ENABLE_DEBUG_INFO = NO;
				MTL_FAST_MATH = YES;
				SDKROOT = iphoneos;
				SWIFT_COMPILATION_MODE = wholemodule;
				SWIFT_OPTIMIZATION_LEVEL = "-O";
				VALIDATE_PRODUCT = YES;
			};
			name = Release;
		};
		FD0AFC042924D383007276B2 /* Debug */ = {
			isa = XCBuildConfiguration;
			buildSettings = {
				ASSETCATALOG_COMPILER_APPICON_NAME = AppIcon;
				ASSETCATALOG_COMPILER_GLOBAL_ACCENT_COLOR_NAME = AccentColor;
				CODE_SIGN_STYLE = Automatic;
				CURRENT_PROJECT_VERSION = 1;
				DEVELOPMENT_ASSET_PATHS = "\"Strategy-Minsson/Preview Content\"";
				DEVELOPMENT_TEAM = 4K2FDLWHBL;
				ENABLE_PREVIEWS = YES;
				GENERATE_INFOPLIST_FILE = YES;
				INFOPLIST_KEY_UIApplicationSceneManifest_Generation = YES;
				INFOPLIST_KEY_UIApplicationSupportsIndirectInputEvents = YES;
				INFOPLIST_KEY_UILaunchScreen_Generation = YES;
				INFOPLIST_KEY_UISupportedInterfaceOrientations_iPad = "UIInterfaceOrientationPortrait UIInterfaceOrientationPortraitUpsideDown UIInterfaceOrientationLandscapeLeft UIInterfaceOrientationLandscapeRight";
				INFOPLIST_KEY_UISupportedInterfaceOrientations_iPhone = "UIInterfaceOrientationPortrait UIInterfaceOrientationLandscapeLeft UIInterfaceOrientationLandscapeRight";
				LD_RUNPATH_SEARCH_PATHS = (
					"$(inherited)",
					"@executable_path/Frameworks",
				);
				MARKETING_VERSION = 1.0;
				PRODUCT_BUNDLE_IDENTIFIER = "io.minsson.Strategy-Minsson";
				PRODUCT_NAME = "$(TARGET_NAME)";
				SWIFT_EMIT_LOC_STRINGS = YES;
				SWIFT_VERSION = 5.0;
				TARGETED_DEVICE_FAMILY = "1,2";
			};
			name = Debug;
		};
		FD0AFC052924D383007276B2 /* Release */ = {
			isa = XCBuildConfiguration;
			buildSettings = {
				ASSETCATALOG_COMPILER_APPICON_NAME = AppIcon;
				ASSETCATALOG_COMPILER_GLOBAL_ACCENT_COLOR_NAME = AccentColor;
				CODE_SIGN_STYLE = Automatic;
				CURRENT_PROJECT_VERSION = 1;
				DEVELOPMENT_ASSET_PATHS = "\"Strategy-Minsson/Preview Content\"";
				DEVELOPMENT_TEAM = 4K2FDLWHBL;
				ENABLE_PREVIEWS = YES;
				GENERATE_INFOPLIST_FILE = YES;
				INFOPLIST_KEY_UIApplicationSceneManifest_Generation = YES;
				INFOPLIST_KEY_UIApplicationSupportsIndirectInputEvents = YES;
				INFOPLIST_KEY_UILaunchScreen_Generation = YES;
				INFOPLIST_KEY_UISupportedInterfaceOrientations_iPad = "UIInterfaceOrientationPortrait UIInterfaceOrientationPortraitUpsideDown UIInterfaceOrientationLandscapeLeft UIInterfaceOrientationLandscapeRight";
				INFOPLIST_KEY_UISupportedInterfaceOrientations_iPhone = "UIInterfaceOrientationPortrait UIInterfaceOrientationLandscapeLeft UIInterfaceOrientationLandscapeRight";
				LD_RUNPATH_SEARCH_PATHS = (
					"$(inherited)",
					"@executable_path/Frameworks",
				);
				MARKETING_VERSION = 1.0;
				PRODUCT_BUNDLE_IDENTIFIER = "io.minsson.Strategy-Minsson";
				PRODUCT_NAME = "$(TARGET_NAME)";
				SWIFT_EMIT_LOC_STRINGS = YES;
				SWIFT_VERSION = 5.0;
				TARGETED_DEVICE_FAMILY = "1,2";
			};
			name = Release;
		};
/* End XCBuildConfiguration section */

/* Begin XCConfigurationList section */
		FD0AFBF02924D383007276B2 /* Build configuration list for PBXProject "Strategy-Minsson" */ = {
			isa = XCConfigurationList;
			buildConfigurations = (
				FD0AFC012924D383007276B2 /* Debug */,
				FD0AFC022924D383007276B2 /* Release */,
			);
			defaultConfigurationIsVisible = 0;
			defaultConfigurationName = Release;
		};
		FD0AFC032924D383007276B2 /* Build configuration list for PBXNativeTarget "Strategy-Minsson" */ = {
			isa = XCConfigurationList;
			buildConfigurations = (
				FD0AFC042924D383007276B2 /* Debug */,
				FD0AFC052924D383007276B2 /* Release */,
			);
			defaultConfigurationIsVisible = 0;
			defaultConfigurationName = Release;
		};
/* End XCConfigurationList section */
	};
	rootObject = FD0AFBED2924D383007276B2 /* Project object */;
}
